// !$*UTF8*$!
{
	archiveVersion = 1;
	classes = {
	};
	objectVersion = 50;
	objects = {

/* Begin PBXBuildFile section */
		07009F352357ADEE0070FD28 /* Model.swift in Sources */ = {isa = PBXBuildFile; fileRef = 07009F322357ADEE0070FD28 /* Model.swift */; };
		07009F362357ADEE0070FD28 /* Fobia.swift in Sources */ = {isa = PBXBuildFile; fileRef = 07009F332357ADEE0070FD28 /* Fobia.swift */; };
		0706E64523744AE900F65C09 /* StageFourCardCell.swift in Sources */ = {isa = PBXBuildFile; fileRef = 0706E64423744AE800F65C09 /* StageFourCardCell.swift */; };
		0769A01923719DCB00EABEF5 /* oi.usdz in Resources */ = {isa = PBXBuildFile; fileRef = 0769A01823719DCB00EABEF5 /* oi.usdz */; };
		076EDA1923745DF000FFE2A7 /* ArTextViewController.swift in Sources */ = {isa = PBXBuildFile; fileRef = 076EDA1823745DF000FFE2A7 /* ArTextViewController.swift */; };
		076EDA1B23745FFE00FFE2A7 /* PlayAnimationCardCell.swift in Sources */ = {isa = PBXBuildFile; fileRef = 076EDA1A23745FFE00FFE2A7 /* PlayAnimationCardCell.swift */; };
		07AAEC9C235901FB001F6734 /* Spinnen_Bein_tex_2.jpg in Resources */ = {isa = PBXBuildFile; fileRef = 07AAEC96235901FA001F6734 /* Spinnen_Bein_tex_2.jpg */; };
		07AAEC9D235901FB001F6734 /* Spinnen_Bein_tex_COLOR_.png in Resources */ = {isa = PBXBuildFile; fileRef = 07AAEC97235901FA001F6734 /* Spinnen_Bein_tex_COLOR_.png */; };
		07AAEC9E235901FB001F6734 /* SH3.png in Resources */ = {isa = PBXBuildFile; fileRef = 07AAEC98235901FA001F6734 /* SH3.png */; };
		07AAEC9F235901FB001F6734 /* Spinnen_Bein_tex.jpg in Resources */ = {isa = PBXBuildFile; fileRef = 07AAEC99235901FB001F6734 /* Spinnen_Bein_tex.jpg */; };
		07AAECA1235901FB001F6734 /* Spinnen_Bein_tex_COLOR_.jpg in Resources */ = {isa = PBXBuildFile; fileRef = 07AAEC9B235901FB001F6734 /* Spinnen_Bein_tex_COLOR_.jpg */; };
		07C5C4212350BB3400AB67C9 /* AppDelegate.swift in Sources */ = {isa = PBXBuildFile; fileRef = 07C5C4202350BB3400AB67C9 /* AppDelegate.swift */; };
		07C5C4252350BB3400AB67C9 /* Nivel4ViewController.swift in Sources */ = {isa = PBXBuildFile; fileRef = 07C5C4242350BB3400AB67C9 /* Nivel4ViewController.swift */; };
		07C5C4282350BB3400AB67C9 /* Main.storyboard in Resources */ = {isa = PBXBuildFile; fileRef = 07C5C4262350BB3400AB67C9 /* Main.storyboard */; };
		07C5C42A2350BB3700AB67C9 /* Assets.xcassets in Resources */ = {isa = PBXBuildFile; fileRef = 07C5C4292350BB3700AB67C9 /* Assets.xcassets */; };
		07C5C42D2350BB3700AB67C9 /* LaunchScreen.storyboard in Resources */ = {isa = PBXBuildFile; fileRef = 07C5C42B2350BB3700AB67C9 /* LaunchScreen.storyboard */; };
		07C5C4382350BB3700AB67C9 /* TesteARanhaTests.swift in Sources */ = {isa = PBXBuildFile; fileRef = 07C5C4372350BB3700AB67C9 /* TesteARanhaTests.swift */; };
		07CAB04D235103C800E19AB4 /* spider2_color.jpg in Resources */ = {isa = PBXBuildFile; fileRef = 07CAB044235103C700E19AB4 /* spider2_color.jpg */; };
		07CAB04E235103C800E19AB4 /* spider3_color.jpg in Resources */ = {isa = PBXBuildFile; fileRef = 07CAB045235103C700E19AB4 /* spider3_color.jpg */; };
		07CAB04F235103C800E19AB4 /* spider5_color.jpg in Resources */ = {isa = PBXBuildFile; fileRef = 07CAB046235103C700E19AB4 /* spider5_color.jpg */; };
		07CAB051235103C800E19AB4 /* ship.png in Resources */ = {isa = PBXBuildFile; fileRef = 07CAB048235103C800E19AB4 /* ship.png */; };
		07CAB053235103C800E19AB4 /* spider1_color.jpg in Resources */ = {isa = PBXBuildFile; fileRef = 07CAB04A235103C800E19AB4 /* spider1_color.jpg */; };
		07CAB054235103C800E19AB4 /* spider4_color.jpg in Resources */ = {isa = PBXBuildFile; fileRef = 07CAB04B235103C800E19AB4 /* spider4_color.jpg */; };
		07D889F32375DE3300DC4A33 /* TelaOnboarding1CollectionViewCell.swift in Sources */ = {isa = PBXBuildFile; fileRef = 07D889F22375DE3300DC4A33 /* TelaOnboarding1CollectionViewCell.swift */; };
		07D889F72375EC5500DC4A33 /* TelaOnboarding5CollectionViewCell.swift in Sources */ = {isa = PBXBuildFile; fileRef = 07D889F62375EC5500DC4A33 /* TelaOnboarding5CollectionViewCell.swift */; };
		07D889F92375EC5700DC4A33 /* TelaOnboarding2CollectionViewCell.swift in Sources */ = {isa = PBXBuildFile; fileRef = 07D889F82375EC5700DC4A33 /* TelaOnboarding2CollectionViewCell.swift */; };
		07D889FB2375EC5900DC4A33 /* TelaOnboarding3CollectionViewCell.swift in Sources */ = {isa = PBXBuildFile; fileRef = 07D889FA2375EC5900DC4A33 /* TelaOnboarding3CollectionViewCell.swift */; };
		07D889FD2375EC5A00DC4A33 /* TelaOnboarding4CollectionViewCell.swift in Sources */ = {isa = PBXBuildFile; fileRef = 07D889FC2375EC5A00DC4A33 /* TelaOnboarding4CollectionViewCell.swift */; };
		07D889FF2375FF5C00DC4A33 /* ChooseVoiceViewController 2.storyboard in Resources */ = {isa = PBXBuildFile; fileRef = 07D889FE2375FF5C00DC4A33 /* ChooseVoiceViewController 2.storyboard */; };
		07E7A630236A4E61009EEAB5 /* spiderAnimated.usdz in Resources */ = {isa = PBXBuildFile; fileRef = 07E7A62F236A4E61009EEAB5 /* spiderAnimated.usdz */; };
		560CD3E1237614470040AE99 /* Phobit WatchKit App Extension.appex in Embed App Extensions */ = {isa = PBXBuildFile; fileRef = 560CD3E0237614470040AE99 /* Phobit WatchKit App Extension.appex */; settings = {ATTRIBUTES = (RemoveHeadersOnCopy, ); }; };
		560CD3E8237614470040AE99 /* ExtensionDelegate.swift in Sources */ = {isa = PBXBuildFile; fileRef = 560CD3E7237614470040AE99 /* ExtensionDelegate.swift */; };
		560CD3EA237614470040AE99 /* NotificationController.swift in Sources */ = {isa = PBXBuildFile; fileRef = 560CD3E9237614470040AE99 /* NotificationController.swift */; };
		560CD3F1237614480040AE99 /* Phobit Watchkit.app in Embed Watch Content */ = {isa = PBXBuildFile; fileRef = 560CD3D4237614430040AE99 /* Phobit Watchkit.app */; settings = {ATTRIBUTES = (RemoveHeadersOnCopy, ); }; };
		560CD401237614870040AE99 /* Supporting Files in Resources */ = {isa = PBXBuildFile; fileRef = 560CD3FA237614820040AE99 /* Supporting Files */; };
		560CD402237614870040AE99 /* WorkoutSession.swift in Sources */ = {isa = PBXBuildFile; fileRef = 560CD3FB237614830040AE99 /* WorkoutSession.swift */; };
		560CD403237614870040AE99 /* WorkoutRow.swift in Sources */ = {isa = PBXBuildFile; fileRef = 560CD3FC237614840040AE99 /* WorkoutRow.swift */; };
		560CD404237614870040AE99 /* WorkoutSessionContext.swift in Sources */ = {isa = PBXBuildFile; fileRef = 560CD3FD237614850040AE99 /* WorkoutSessionContext.swift */; };
		560CD405237614870040AE99 /* WorkoutStartView.swift in Sources */ = {isa = PBXBuildFile; fileRef = 560CD3FE237614870040AE99 /* WorkoutStartView.swift */; };
		560CD408237614F10040AE99 /* Interface.storyboard in Resources */ = {isa = PBXBuildFile; fileRef = 560CD407237614F10040AE99 /* Interface.storyboard */; };
		560CD40A237614F80040AE99 /* Supporting Files in Resources */ = {isa = PBXBuildFile; fileRef = 560CD409237614F80040AE99 /* Supporting Files */; };
		56277D622369CF01003CE021 /* AudioCell.swift in Sources */ = {isa = PBXBuildFile; fileRef = 56277D612369CF01003CE021 /* AudioCell.swift */; };
		56526EED236618F000A3C641 /* TextoCell.swift in Sources */ = {isa = PBXBuildFile; fileRef = 56526EEC236618F000A3C641 /* TextoCell.swift */; };
		565582FC2374521B00632B3E /* ChooseVoiceViewController.storyboard in Resources */ = {isa = PBXBuildFile; fileRef = 565582FB2374521B00632B3E /* ChooseVoiceViewController.storyboard */; };
		565582FE2374534300632B3E /* ChooseVoiceViewController.swift in Sources */ = {isa = PBXBuildFile; fileRef = 565582FD2374534300632B3E /* ChooseVoiceViewController.swift */; };
		569C3E91237589E100CD73C0 /* audio_M_BR 2.wav in Resources */ = {isa = PBXBuildFile; fileRef = 569C3E77237589B400CD73C0 /* audio_M_BR 2.wav */; };
		569C3E94237589E100CD73C0 /* audio_F_EN 2.wav in Resources */ = {isa = PBXBuildFile; fileRef = 569C3E7A237589B800CD73C0 /* audio_F_EN 2.wav */; };
		569C3E96237589E100CD73C0 /* audio_F_BR 3.wav in Resources */ = {isa = PBXBuildFile; fileRef = 569C3E7C237589BB00CD73C0 /* audio_F_BR 3.wav */; };
		569C3E98237589E100CD73C0 /* audio_F_EN.wav in Resources */ = {isa = PBXBuildFile; fileRef = 569C3E7E237589BF00CD73C0 /* audio_F_EN.wav */; };
		569C3E9A237589E100CD73C0 /* audio_F_BR 2.wav in Resources */ = {isa = PBXBuildFile; fileRef = 569C3E80237589C400CD73C0 /* audio_F_BR 2.wav */; };
		569C3E9B237589E100CD73C0 /* audio_F_BR.wav in Resources */ = {isa = PBXBuildFile; fileRef = 569C3E81237589C600CD73C0 /* audio_F_BR.wav */; };
		569C3E9C237589E100CD73C0 /* audio_M_EN.wav in Resources */ = {isa = PBXBuildFile; fileRef = 569C3E82237589C900CD73C0 /* audio_M_EN.wav */; };
		569C3E9D237589E100CD73C0 /* audio_M_BR.wav in Resources */ = {isa = PBXBuildFile; fileRef = 569C3E83237589CC00CD73C0 /* audio_M_BR.wav */; };
		569C3E9E237589E100CD73C0 /* audio_F_EN 3.wav in Resources */ = {isa = PBXBuildFile; fileRef = 569C3E84237589CE00CD73C0 /* audio_F_EN 3.wav */; };
		569C3EA4237589E100CD73C0 /* audio_M_EN 2.wav in Resources */ = {isa = PBXBuildFile; fileRef = 569C3E8A237589DC00CD73C0 /* audio_M_EN 2.wav */; };
		569C3EA5237589E100CD73C0 /* audio_M_EN 3.wav in Resources */ = {isa = PBXBuildFile; fileRef = 569C3E8B237589DE00CD73C0 /* audio_M_EN 3.wav */; };
		569C3EA6237589E100CD73C0 /* audio_M_BR 3.wav in Resources */ = {isa = PBXBuildFile; fileRef = 569C3E8C237589E100CD73C0 /* audio_M_BR 3.wav */; };
		56A5DAA823609B8700BCC0F9 /* FobiaCell.swift in Sources */ = {isa = PBXBuildFile; fileRef = 56A5DAA623609B8700BCC0F9 /* FobiaCell.swift */; };
		56A5DAA923609B8700BCC0F9 /* EtapaCell.swift in Sources */ = {isa = PBXBuildFile; fileRef = 56A5DAA723609B8700BCC0F9 /* EtapaCell.swift */; };
		56A5DAAC23609D7E00BCC0F9 /* NiveisViewController.storyboard in Resources */ = {isa = PBXBuildFile; fileRef = 56A5DAAA23609D7E00BCC0F9 /* NiveisViewController.storyboard */; };
		56D3564A2376163200B2565B /* HealthKit.framework in Frameworks */ = {isa = PBXBuildFile; fileRef = 56D356492376163200B2565B /* HealthKit.framework */; };
		56E8C5CC23631DD0000F53FD /* UIView+extensions.swift in Sources */ = {isa = PBXBuildFile; fileRef = 56E8C5CB23631DD0000F53FD /* UIView+extensions.swift */; };
		56E8C5D02363CC0E000F53FD /* SettingsTableViewController.swift in Sources */ = {isa = PBXBuildFile; fileRef = 56E8C5CF2363CC0E000F53FD /* SettingsTableViewController.swift */; };
		56E8C5D22363CF81000F53FD /* ProgressViewController.swift in Sources */ = {isa = PBXBuildFile; fileRef = 56E8C5D12363CF81000F53FD /* ProgressViewController.swift */; };
		56E8C5DA2363D604000F53FD /* ViewProgressCell.swift in Sources */ = {isa = PBXBuildFile; fileRef = 56E8C5D92363D604000F53FD /* ViewProgressCell.swift */; };
		56E8C5DD2363DA47000F53FD /* ProgressViewController.storyboard in Resources */ = {isa = PBXBuildFile; fileRef = 56E8C5DB2363DA47000F53FD /* ProgressViewController.storyboard */; };
		6C61E040236B163D004F50F3 /* AVAudioPlayer+extensions.swift in Sources */ = {isa = PBXBuildFile; fileRef = 6C61E03F236B163D004F50F3 /* AVAudioPlayer+extensions.swift */; };
		6C714244236C399100A84B71 /* StageOne.swift in Sources */ = {isa = PBXBuildFile; fileRef = 6C714243236C399100A84B71 /* StageOne.swift */; };
		6C714246236C490D00A84B71 /* StageTwo.swift in Sources */ = {isa = PBXBuildFile; fileRef = 6C714245236C490D00A84B71 /* StageTwo.swift */; };
		6C714248236C4AA900A84B71 /* StageThree.swift in Sources */ = {isa = PBXBuildFile; fileRef = 6C714247236C4AA900A84B71 /* StageThree.swift */; };
		9D4C55722361D0C200062326 /* Etapa1ViewController.storyboard in Resources */ = {isa = PBXBuildFile; fileRef = 9D4C55702361D0C200062326 /* Etapa1ViewController.storyboard */; };
		9D4C55752361D0D400062326 /* Etapa2ViewController.storyboard in Resources */ = {isa = PBXBuildFile; fileRef = 9D4C55732361D0D400062326 /* Etapa2ViewController.storyboard */; };
		9D4C55782361D0E100062326 /* Etapa3ViewController.storyboard in Resources */ = {isa = PBXBuildFile; fileRef = 9D4C55762361D0E100062326 /* Etapa3ViewController.storyboard */; };
		9D4C557B2361D0F400062326 /* Etapa4ViewController.storyboard in Resources */ = {isa = PBXBuildFile; fileRef = 9D4C55792361D0F400062326 /* Etapa4ViewController.storyboard */; };
		9D576B89236B0BBC009B9246 /* ImagemCell.swift in Sources */ = {isa = PBXBuildFile; fileRef = 9D576B88236B0BBC009B9246 /* ImagemCell.swift */; };
		9D67269B2355E7A20030CAE7 /* FobiasViewController.swift in Sources */ = {isa = PBXBuildFile; fileRef = 9D67269A2355E7A20030CAE7 /* FobiasViewController.swift */; };
		9D67269D2355F31C0030CAE7 /* NiveisViewController.swift in Sources */ = {isa = PBXBuildFile; fileRef = 9D67269C2355F31C0030CAE7 /* NiveisViewController.swift */; };
		9D67269F2355F4EB0030CAE7 /* Nivel3ViewController.swift in Sources */ = {isa = PBXBuildFile; fileRef = 9D67269E2355F4EB0030CAE7 /* Nivel3ViewController.swift */; };
		9D6726A12355F56D0030CAE7 /* Nivel2ViewController.swift in Sources */ = {isa = PBXBuildFile; fileRef = 9D6726A02355F56D0030CAE7 /* Nivel2ViewController.swift */; };
		9D6726A32355F5E50030CAE7 /* Nivel1ViewController.swift in Sources */ = {isa = PBXBuildFile; fileRef = 9D6726A22355F5E50030CAE7 /* Nivel1ViewController.swift */; };
		D98F0B392372F1CB0074D305 /* OnBoardingViewController.swift in Sources */ = {isa = PBXBuildFile; fileRef = D98F0B382372F1CB0074D305 /* OnBoardingViewController.swift */; };
		D98F0B3B2372F1FF0074D305 /* Onboarding.storyboard in Resources */ = {isa = PBXBuildFile; fileRef = D98F0B3A2372F1FF0074D305 /* Onboarding.storyboard */; };
/* End PBXBuildFile section */

/* Begin PBXContainerItemProxy section */
		07C5C4342350BB3700AB67C9 /* PBXContainerItemProxy */ = {
			isa = PBXContainerItemProxy;
			containerPortal = 07C5C4152350BB3300AB67C9 /* Project object */;
			proxyType = 1;
			remoteGlobalIDString = 07C5C41C2350BB3400AB67C9;
			remoteInfo = TesteARanha;
		};
		560CD3E2237614470040AE99 /* PBXContainerItemProxy */ = {
			isa = PBXContainerItemProxy;
			containerPortal = 07C5C4152350BB3300AB67C9 /* Project object */;
			proxyType = 1;
			remoteGlobalIDString = 560CD3DF237614470040AE99;
			remoteInfo = "phobitchesWATCHOS Extension";
		};
		560CD3EF237614480040AE99 /* PBXContainerItemProxy */ = {
			isa = PBXContainerItemProxy;
			containerPortal = 07C5C4152350BB3300AB67C9 /* Project object */;
			proxyType = 1;
			remoteGlobalIDString = 560CD3D3237614430040AE99;
			remoteInfo = phobitchesWATCHOS;
		};
/* End PBXContainerItemProxy section */

/* Begin PBXCopyFilesBuildPhase section */
		560CD3F4237614480040AE99 /* Embed App Extensions */ = {
			isa = PBXCopyFilesBuildPhase;
			buildActionMask = 2147483647;
			dstPath = "";
			dstSubfolderSpec = 13;
			files = (
				560CD3E1237614470040AE99 /* Phobit WatchKit App Extension.appex in Embed App Extensions */,
			);
			name = "Embed App Extensions";
			runOnlyForDeploymentPostprocessing = 0;
		};
		6C2B1224237439CC00B95953 /* Embed Watch Content */ = {
			isa = PBXCopyFilesBuildPhase;
			buildActionMask = 2147483647;
			dstPath = "$(CONTENTS_FOLDER_PATH)/Watch";
			dstSubfolderSpec = 16;
			files = (
				560CD3F1237614480040AE99 /* Phobit Watchkit.app in Embed Watch Content */,
			);
			name = "Embed Watch Content";
			runOnlyForDeploymentPostprocessing = 0;
		};
/* End PBXCopyFilesBuildPhase section */

/* Begin PBXFileReference section */
		07009F322357ADEE0070FD28 /* Model.swift */ = {isa = PBXFileReference; fileEncoding = 4; lastKnownFileType = sourcecode.swift; path = Model.swift; sourceTree = "<group>"; };
		07009F332357ADEE0070FD28 /* Fobia.swift */ = {isa = PBXFileReference; fileEncoding = 4; lastKnownFileType = sourcecode.swift; path = Fobia.swift; sourceTree = "<group>"; };
		0706E64423744AE800F65C09 /* StageFourCardCell.swift */ = {isa = PBXFileReference; fileEncoding = 4; lastKnownFileType = sourcecode.swift; path = StageFourCardCell.swift; sourceTree = "<group>"; };
		0769A01823719DCB00EABEF5 /* oi.usdz */ = {isa = PBXFileReference; lastKnownFileType = file.usdz; path = oi.usdz; sourceTree = "<group>"; };
		076EDA1823745DF000FFE2A7 /* ArTextViewController.swift */ = {isa = PBXFileReference; lastKnownFileType = sourcecode.swift; path = ArTextViewController.swift; sourceTree = "<group>"; };
		076EDA1A23745FFE00FFE2A7 /* PlayAnimationCardCell.swift */ = {isa = PBXFileReference; fileEncoding = 4; lastKnownFileType = sourcecode.swift; path = PlayAnimationCardCell.swift; sourceTree = "<group>"; };
		07AAEC96235901FA001F6734 /* Spinnen_Bein_tex_2.jpg */ = {isa = PBXFileReference; lastKnownFileType = image.jpeg; path = Spinnen_Bein_tex_2.jpg; sourceTree = "<group>"; };
		07AAEC97235901FA001F6734 /* Spinnen_Bein_tex_COLOR_.png */ = {isa = PBXFileReference; lastKnownFileType = image.png; path = Spinnen_Bein_tex_COLOR_.png; sourceTree = "<group>"; };
		07AAEC98235901FA001F6734 /* SH3.png */ = {isa = PBXFileReference; lastKnownFileType = image.png; path = SH3.png; sourceTree = "<group>"; };
		07AAEC99235901FB001F6734 /* Spinnen_Bein_tex.jpg */ = {isa = PBXFileReference; lastKnownFileType = image.jpeg; path = Spinnen_Bein_tex.jpg; sourceTree = "<group>"; };
		07AAEC9B235901FB001F6734 /* Spinnen_Bein_tex_COLOR_.jpg */ = {isa = PBXFileReference; lastKnownFileType = image.jpeg; path = Spinnen_Bein_tex_COLOR_.jpg; sourceTree = "<group>"; };
		07C5C41D2350BB3400AB67C9 /* Phobit.app */ = {isa = PBXFileReference; explicitFileType = wrapper.application; includeInIndex = 0; path = Phobit.app; sourceTree = BUILT_PRODUCTS_DIR; };
		07C5C4202350BB3400AB67C9 /* AppDelegate.swift */ = {isa = PBXFileReference; lastKnownFileType = sourcecode.swift; path = AppDelegate.swift; sourceTree = "<group>"; };
		07C5C4242350BB3400AB67C9 /* Nivel4ViewController.swift */ = {isa = PBXFileReference; lastKnownFileType = sourcecode.swift; path = Nivel4ViewController.swift; sourceTree = "<group>"; };
		07C5C4272350BB3400AB67C9 /* Base */ = {isa = PBXFileReference; lastKnownFileType = file.storyboard; name = Base; path = Base.lproj/Main.storyboard; sourceTree = "<group>"; };
		07C5C4292350BB3700AB67C9 /* Assets.xcassets */ = {isa = PBXFileReference; lastKnownFileType = folder.assetcatalog; path = Assets.xcassets; sourceTree = "<group>"; };
		07C5C42C2350BB3700AB67C9 /* Base */ = {isa = PBXFileReference; lastKnownFileType = file.storyboard; name = Base; path = Base.lproj/LaunchScreen.storyboard; sourceTree = "<group>"; };
		07C5C42E2350BB3700AB67C9 /* Info.plist */ = {isa = PBXFileReference; lastKnownFileType = text.plist.xml; path = Info.plist; sourceTree = "<group>"; };
		07C5C4332350BB3700AB67C9 /* TesteARanhaTests.xctest */ = {isa = PBXFileReference; explicitFileType = wrapper.cfbundle; includeInIndex = 0; path = TesteARanhaTests.xctest; sourceTree = BUILT_PRODUCTS_DIR; };
		07C5C4372350BB3700AB67C9 /* TesteARanhaTests.swift */ = {isa = PBXFileReference; lastKnownFileType = sourcecode.swift; path = TesteARanhaTests.swift; sourceTree = "<group>"; };
		07C5C4392350BB3700AB67C9 /* Info.plist */ = {isa = PBXFileReference; lastKnownFileType = text.plist.xml; path = Info.plist; sourceTree = "<group>"; };
		07CAB044235103C700E19AB4 /* spider2_color.jpg */ = {isa = PBXFileReference; lastKnownFileType = image.jpeg; path = spider2_color.jpg; sourceTree = "<group>"; };
		07CAB045235103C700E19AB4 /* spider3_color.jpg */ = {isa = PBXFileReference; lastKnownFileType = image.jpeg; path = spider3_color.jpg; sourceTree = "<group>"; };
		07CAB046235103C700E19AB4 /* spider5_color.jpg */ = {isa = PBXFileReference; lastKnownFileType = image.jpeg; path = spider5_color.jpg; sourceTree = "<group>"; };
		07CAB048235103C800E19AB4 /* ship.png */ = {isa = PBXFileReference; lastKnownFileType = image.png; path = ship.png; sourceTree = "<group>"; };
		07CAB04A235103C800E19AB4 /* spider1_color.jpg */ = {isa = PBXFileReference; lastKnownFileType = image.jpeg; path = spider1_color.jpg; sourceTree = "<group>"; };
		07CAB04B235103C800E19AB4 /* spider4_color.jpg */ = {isa = PBXFileReference; lastKnownFileType = image.jpeg; path = spider4_color.jpg; sourceTree = "<group>"; };
		07D889F22375DE3300DC4A33 /* TelaOnboarding1CollectionViewCell.swift */ = {isa = PBXFileReference; lastKnownFileType = sourcecode.swift; path = TelaOnboarding1CollectionViewCell.swift; sourceTree = "<group>"; };
		07D889F62375EC5500DC4A33 /* TelaOnboarding5CollectionViewCell.swift */ = {isa = PBXFileReference; lastKnownFileType = sourcecode.swift; path = TelaOnboarding5CollectionViewCell.swift; sourceTree = "<group>"; };
		07D889F82375EC5700DC4A33 /* TelaOnboarding2CollectionViewCell.swift */ = {isa = PBXFileReference; lastKnownFileType = sourcecode.swift; path = TelaOnboarding2CollectionViewCell.swift; sourceTree = "<group>"; };
		07D889FA2375EC5900DC4A33 /* TelaOnboarding3CollectionViewCell.swift */ = {isa = PBXFileReference; lastKnownFileType = sourcecode.swift; path = TelaOnboarding3CollectionViewCell.swift; sourceTree = "<group>"; };
		07D889FC2375EC5A00DC4A33 /* TelaOnboarding4CollectionViewCell.swift */ = {isa = PBXFileReference; lastKnownFileType = sourcecode.swift; path = TelaOnboarding4CollectionViewCell.swift; sourceTree = "<group>"; };
		07D889FE2375FF5C00DC4A33 /* ChooseVoiceViewController 2.storyboard */ = {isa = PBXFileReference; fileEncoding = 4; lastKnownFileType = file.storyboard; path = "ChooseVoiceViewController 2.storyboard"; sourceTree = "<group>"; };
		07E7A62F236A4E61009EEAB5 /* spiderAnimated.usdz */ = {isa = PBXFileReference; lastKnownFileType = file.usdz; path = spiderAnimated.usdz; sourceTree = "<group>"; };
		560CD3D4237614430040AE99 /* Phobit Watchkit.app */ = {isa = PBXFileReference; explicitFileType = wrapper.application; includeInIndex = 0; path = "Phobit Watchkit.app"; sourceTree = BUILT_PRODUCTS_DIR; };
		560CD3E0237614470040AE99 /* Phobit WatchKit App Extension.appex */ = {isa = PBXFileReference; explicitFileType = "wrapper.app-extension"; includeInIndex = 0; path = "Phobit WatchKit App Extension.appex"; sourceTree = BUILT_PRODUCTS_DIR; };
		560CD3E7237614470040AE99 /* ExtensionDelegate.swift */ = {isa = PBXFileReference; lastKnownFileType = sourcecode.swift; path = ExtensionDelegate.swift; sourceTree = "<group>"; };
		560CD3E9237614470040AE99 /* NotificationController.swift */ = {isa = PBXFileReference; lastKnownFileType = sourcecode.swift; path = NotificationController.swift; sourceTree = "<group>"; };
		560CD3FA237614820040AE99 /* Supporting Files */ = {isa = PBXFileReference; lastKnownFileType = folder; path = "Supporting Files"; sourceTree = "<group>"; };
		560CD3FB237614830040AE99 /* WorkoutSession.swift */ = {isa = PBXFileReference; fileEncoding = 4; lastKnownFileType = sourcecode.swift; path = WorkoutSession.swift; sourceTree = "<group>"; };
		560CD3FC237614840040AE99 /* WorkoutRow.swift */ = {isa = PBXFileReference; fileEncoding = 4; lastKnownFileType = sourcecode.swift; path = WorkoutRow.swift; sourceTree = "<group>"; };
		560CD3FD237614850040AE99 /* WorkoutSessionContext.swift */ = {isa = PBXFileReference; fileEncoding = 4; lastKnownFileType = sourcecode.swift; path = WorkoutSessionContext.swift; sourceTree = "<group>"; };
		560CD3FE237614870040AE99 /* WorkoutStartView.swift */ = {isa = PBXFileReference; fileEncoding = 4; lastKnownFileType = sourcecode.swift; path = WorkoutStartView.swift; sourceTree = "<group>"; };
		560CD407237614F10040AE99 /* Interface.storyboard */ = {isa = PBXFileReference; fileEncoding = 4; lastKnownFileType = file.storyboard; path = Interface.storyboard; sourceTree = "<group>"; };
		560CD409237614F80040AE99 /* Supporting Files */ = {isa = PBXFileReference; lastKnownFileType = folder; path = "Supporting Files"; sourceTree = "<group>"; };
		56277D612369CF01003CE021 /* AudioCell.swift */ = {isa = PBXFileReference; fileEncoding = 4; lastKnownFileType = sourcecode.swift; path = AudioCell.swift; sourceTree = "<group>"; };
		56526EEC236618F000A3C641 /* TextoCell.swift */ = {isa = PBXFileReference; fileEncoding = 4; lastKnownFileType = sourcecode.swift; path = TextoCell.swift; sourceTree = "<group>"; };
		565582FB2374521B00632B3E /* ChooseVoiceViewController.storyboard */ = {isa = PBXFileReference; lastKnownFileType = file.storyboard; path = ChooseVoiceViewController.storyboard; sourceTree = "<group>"; };
		565582FD2374534300632B3E /* ChooseVoiceViewController.swift */ = {isa = PBXFileReference; lastKnownFileType = sourcecode.swift; path = ChooseVoiceViewController.swift; sourceTree = "<group>"; };
		569C3E77237589B400CD73C0 /* audio_M_BR 2.wav */ = {isa = PBXFileReference; lastKnownFileType = audio.wav; path = "audio_M_BR 2.wav"; sourceTree = "<group>"; };
		569C3E7A237589B800CD73C0 /* audio_F_EN 2.wav */ = {isa = PBXFileReference; lastKnownFileType = audio.wav; path = "audio_F_EN 2.wav"; sourceTree = "<group>"; };
		569C3E7C237589BB00CD73C0 /* audio_F_BR 3.wav */ = {isa = PBXFileReference; lastKnownFileType = audio.wav; path = "audio_F_BR 3.wav"; sourceTree = "<group>"; };
		569C3E7E237589BF00CD73C0 /* audio_F_EN.wav */ = {isa = PBXFileReference; lastKnownFileType = audio.wav; path = audio_F_EN.wav; sourceTree = "<group>"; };
		569C3E80237589C400CD73C0 /* audio_F_BR 2.wav */ = {isa = PBXFileReference; lastKnownFileType = audio.wav; path = "audio_F_BR 2.wav"; sourceTree = "<group>"; };
		569C3E81237589C600CD73C0 /* audio_F_BR.wav */ = {isa = PBXFileReference; lastKnownFileType = audio.wav; path = audio_F_BR.wav; sourceTree = "<group>"; };
		569C3E82237589C900CD73C0 /* audio_M_EN.wav */ = {isa = PBXFileReference; lastKnownFileType = audio.wav; path = audio_M_EN.wav; sourceTree = "<group>"; };
		569C3E83237589CC00CD73C0 /* audio_M_BR.wav */ = {isa = PBXFileReference; lastKnownFileType = audio.wav; path = audio_M_BR.wav; sourceTree = "<group>"; };
		569C3E84237589CE00CD73C0 /* audio_F_EN 3.wav */ = {isa = PBXFileReference; lastKnownFileType = audio.wav; path = "audio_F_EN 3.wav"; sourceTree = "<group>"; };
		569C3E8A237589DC00CD73C0 /* audio_M_EN 2.wav */ = {isa = PBXFileReference; lastKnownFileType = audio.wav; path = "audio_M_EN 2.wav"; sourceTree = "<group>"; };
		569C3E8B237589DE00CD73C0 /* audio_M_EN 3.wav */ = {isa = PBXFileReference; lastKnownFileType = audio.wav; path = "audio_M_EN 3.wav"; sourceTree = "<group>"; };
		569C3E8C237589E100CD73C0 /* audio_M_BR 3.wav */ = {isa = PBXFileReference; lastKnownFileType = audio.wav; path = "audio_M_BR 3.wav"; sourceTree = "<group>"; };
		56A5DAA623609B8700BCC0F9 /* FobiaCell.swift */ = {isa = PBXFileReference; fileEncoding = 4; lastKnownFileType = sourcecode.swift; path = FobiaCell.swift; sourceTree = "<group>"; };
		56A5DAA723609B8700BCC0F9 /* EtapaCell.swift */ = {isa = PBXFileReference; fileEncoding = 4; lastKnownFileType = sourcecode.swift; path = EtapaCell.swift; sourceTree = "<group>"; };
		56A5DAAB23609D7E00BCC0F9 /* Base */ = {isa = PBXFileReference; lastKnownFileType = file.storyboard; name = Base; path = Base.lproj/NiveisViewController.storyboard; sourceTree = "<group>"; };
		56D356482376163200B2565B /* Phobit.entitlements */ = {isa = PBXFileReference; lastKnownFileType = text.plist.entitlements; path = Phobit.entitlements; sourceTree = "<group>"; };
		56D356492376163200B2565B /* HealthKit.framework */ = {isa = PBXFileReference; lastKnownFileType = wrapper.framework; name = HealthKit.framework; path = System/Library/Frameworks/HealthKit.framework; sourceTree = SDKROOT; };
		56D3564B2376168100B2565B /* Info.plist */ = {isa = PBXFileReference; lastKnownFileType = text.plist.xml; path = Info.plist; sourceTree = "<group>"; };
		56D3564C2376168300B2565B /* Info.plist */ = {isa = PBXFileReference; lastKnownFileType = text.plist.xml; path = Info.plist; sourceTree = "<group>"; };
		56E8C5CB23631DD0000F53FD /* UIView+extensions.swift */ = {isa = PBXFileReference; lastKnownFileType = sourcecode.swift; path = "UIView+extensions.swift"; sourceTree = "<group>"; };
		56E8C5CF2363CC0E000F53FD /* SettingsTableViewController.swift */ = {isa = PBXFileReference; lastKnownFileType = sourcecode.swift; path = SettingsTableViewController.swift; sourceTree = "<group>"; };
		56E8C5D12363CF81000F53FD /* ProgressViewController.swift */ = {isa = PBXFileReference; lastKnownFileType = sourcecode.swift; path = ProgressViewController.swift; sourceTree = "<group>"; };
		56E8C5D92363D604000F53FD /* ViewProgressCell.swift */ = {isa = PBXFileReference; lastKnownFileType = sourcecode.swift; path = ViewProgressCell.swift; sourceTree = "<group>"; };
		56E8C5DC2363DA47000F53FD /* Base */ = {isa = PBXFileReference; lastKnownFileType = file.storyboard; name = Base; path = Base.lproj/ProgressViewController.storyboard; sourceTree = "<group>"; };
		6C2B122723743CC200B95953 /* HealthKit.framework */ = {isa = PBXFileReference; lastKnownFileType = wrapper.framework; name = HealthKit.framework; path = Platforms/WatchOS.platform/Developer/SDKs/WatchOS6.0.sdk/System/Library/Frameworks/HealthKit.framework; sourceTree = DEVELOPER_DIR; };
		6C61E03F236B163D004F50F3 /* AVAudioPlayer+extensions.swift */ = {isa = PBXFileReference; lastKnownFileType = sourcecode.swift; path = "AVAudioPlayer+extensions.swift"; sourceTree = "<group>"; };
		6C714243236C399100A84B71 /* StageOne.swift */ = {isa = PBXFileReference; lastKnownFileType = sourcecode.swift; path = StageOne.swift; sourceTree = "<group>"; };
		6C714245236C490D00A84B71 /* StageTwo.swift */ = {isa = PBXFileReference; lastKnownFileType = sourcecode.swift; path = StageTwo.swift; sourceTree = "<group>"; };
		6C714247236C4AA900A84B71 /* StageThree.swift */ = {isa = PBXFileReference; lastKnownFileType = sourcecode.swift; path = StageThree.swift; sourceTree = "<group>"; };
		9D4C55712361D0C200062326 /* Base */ = {isa = PBXFileReference; lastKnownFileType = file.storyboard; name = Base; path = Base.lproj/Etapa1ViewController.storyboard; sourceTree = "<group>"; };
		9D4C55742361D0D400062326 /* Base */ = {isa = PBXFileReference; lastKnownFileType = file.storyboard; name = Base; path = Base.lproj/Etapa2ViewController.storyboard; sourceTree = "<group>"; };
		9D4C55772361D0E100062326 /* Base */ = {isa = PBXFileReference; lastKnownFileType = file.storyboard; name = Base; path = Base.lproj/Etapa3ViewController.storyboard; sourceTree = "<group>"; };
		9D4C557A2361D0F400062326 /* Base */ = {isa = PBXFileReference; lastKnownFileType = file.storyboard; name = Base; path = Base.lproj/Etapa4ViewController.storyboard; sourceTree = "<group>"; };
		9D576B88236B0BBC009B9246 /* ImagemCell.swift */ = {isa = PBXFileReference; fileEncoding = 4; lastKnownFileType = sourcecode.swift; path = ImagemCell.swift; sourceTree = "<group>"; };
		9D67269A2355E7A20030CAE7 /* FobiasViewController.swift */ = {isa = PBXFileReference; lastKnownFileType = sourcecode.swift; path = FobiasViewController.swift; sourceTree = "<group>"; };
		9D67269C2355F31C0030CAE7 /* NiveisViewController.swift */ = {isa = PBXFileReference; lastKnownFileType = sourcecode.swift; path = NiveisViewController.swift; sourceTree = "<group>"; };
		9D67269E2355F4EB0030CAE7 /* Nivel3ViewController.swift */ = {isa = PBXFileReference; lastKnownFileType = sourcecode.swift; path = Nivel3ViewController.swift; sourceTree = "<group>"; };
		9D6726A02355F56D0030CAE7 /* Nivel2ViewController.swift */ = {isa = PBXFileReference; lastKnownFileType = sourcecode.swift; path = Nivel2ViewController.swift; sourceTree = "<group>"; };
		9D6726A22355F5E50030CAE7 /* Nivel1ViewController.swift */ = {isa = PBXFileReference; lastKnownFileType = sourcecode.swift; path = Nivel1ViewController.swift; sourceTree = "<group>"; };
		D98F0B382372F1CB0074D305 /* OnBoardingViewController.swift */ = {isa = PBXFileReference; fileEncoding = 4; lastKnownFileType = sourcecode.swift; path = OnBoardingViewController.swift; sourceTree = "<group>"; };
		D98F0B3A2372F1FF0074D305 /* Onboarding.storyboard */ = {isa = PBXFileReference; fileEncoding = 4; lastKnownFileType = file.storyboard; path = Onboarding.storyboard; sourceTree = "<group>"; };
/* End PBXFileReference section */

/* Begin PBXFrameworksBuildPhase section */
		07C5C41A2350BB3400AB67C9 /* Frameworks */ = {
			isa = PBXFrameworksBuildPhase;
			buildActionMask = 2147483647;
			files = (
				56D3564A2376163200B2565B /* HealthKit.framework in Frameworks */,
			);
			runOnlyForDeploymentPostprocessing = 0;
		};
		07C5C4302350BB3700AB67C9 /* Frameworks */ = {
			isa = PBXFrameworksBuildPhase;
			buildActionMask = 2147483647;
			files = (
			);
			runOnlyForDeploymentPostprocessing = 0;
		};
		560CD3DD237614470040AE99 /* Frameworks */ = {
			isa = PBXFrameworksBuildPhase;
			buildActionMask = 2147483647;
			files = (
			);
			runOnlyForDeploymentPostprocessing = 0;
		};
/* End PBXFrameworksBuildPhase section */

/* Begin PBXGroup section */
		07C5C4142350BB3300AB67C9 = {
			isa = PBXGroup;
			children = (
				07C5C41F2350BB3400AB67C9 /* TesteARanha */,
				07C5C4362350BB3700AB67C9 /* TesteARanhaTests */,
				560CD3D5237614430040AE99 /* phobitchesWATCHOS */,
				560CD3E4237614470040AE99 /* phobitchesWATCHOS Extension */,
				07C5C41E2350BB3400AB67C9 /* Products */,
				6C2B122623743CC200B95953 /* Frameworks */,
			);
			sourceTree = "<group>";
		};
		07C5C41E2350BB3400AB67C9 /* Products */ = {
			isa = PBXGroup;
			children = (
				07C5C41D2350BB3400AB67C9 /* Phobit.app */,
				07C5C4332350BB3700AB67C9 /* TesteARanhaTests.xctest */,
				560CD3D4237614430040AE99 /* Phobit Watchkit.app */,
				560CD3E0237614470040AE99 /* Phobit WatchKit App Extension.appex */,
			);
			name = Products;
			sourceTree = "<group>";
		};
		07C5C41F2350BB3400AB67C9 /* TesteARanha */ = {
			isa = PBXGroup;
			children = (
				56D356482376163200B2565B /* Phobit.entitlements */,
				0769A01823719DCB00EABEF5 /* oi.usdz */,
				07E7A62F236A4E61009EEAB5 /* spiderAnimated.usdz */,
				6C714249236C5F6600A84B71 /* Audios */,
				56E8C5CA23631DB5000F53FD /* Extensions */,
				07CAB042235103B100E19AB4 /* 3D Objects */,
				07C5C4202350BB3400AB67C9 /* AppDelegate.swift */,
				9D6726A52355F9840030CAE7 /* Model */,
				9D6726A62355F99A0030CAE7 /* View */,
				9D6726A42355F9700030CAE7 /* Controller */,
				07C5C4292350BB3700AB67C9 /* Assets.xcassets */,
				07C5C42E2350BB3700AB67C9 /* Info.plist */,
			);
			path = TesteARanha;
			sourceTree = "<group>";
		};
		07C5C4362350BB3700AB67C9 /* TesteARanhaTests */ = {
			isa = PBXGroup;
			children = (
				07C5C4372350BB3700AB67C9 /* TesteARanhaTests.swift */,
				07C5C4392350BB3700AB67C9 /* Info.plist */,
			);
			path = TesteARanhaTests;
			sourceTree = "<group>";
		};
		07CAB042235103B100E19AB4 /* 3D Objects */ = {
			isa = PBXGroup;
			children = (
				07CAB048235103C800E19AB4 /* ship.png */,
				07CAB04A235103C800E19AB4 /* spider1_color.jpg */,
				07CAB044235103C700E19AB4 /* spider2_color.jpg */,
				07AAEC98235901FA001F6734 /* SH3.png */,
				07AAEC96235901FA001F6734 /* Spinnen_Bein_tex_2.jpg */,
				07AAEC9B235901FB001F6734 /* Spinnen_Bein_tex_COLOR_.jpg */,
				07AAEC97235901FA001F6734 /* Spinnen_Bein_tex_COLOR_.png */,
				07AAEC99235901FB001F6734 /* Spinnen_Bein_tex.jpg */,
				07CAB045235103C700E19AB4 /* spider3_color.jpg */,
				07CAB04B235103C800E19AB4 /* spider4_color.jpg */,
				07CAB046235103C700E19AB4 /* spider5_color.jpg */,
			);
			path = "3D Objects";
			sourceTree = "<group>";
		};
		560CD3D5237614430040AE99 /* phobitchesWATCHOS */ = {
			isa = PBXGroup;
			children = (
				56D3564C2376168300B2565B /* Info.plist */,
				560CD407237614F10040AE99 /* Interface.storyboard */,
				560CD409237614F80040AE99 /* Supporting Files */,
			);
			path = phobitchesWATCHOS;
			sourceTree = "<group>";
		};
		560CD3E4237614470040AE99 /* phobitchesWATCHOS Extension */ = {
			isa = PBXGroup;
			children = (
				56D3564B2376168100B2565B /* Info.plist */,
				560CD3FA237614820040AE99 /* Supporting Files */,
				560CD3FC237614840040AE99 /* WorkoutRow.swift */,
				560CD3FB237614830040AE99 /* WorkoutSession.swift */,
				560CD3FD237614850040AE99 /* WorkoutSessionContext.swift */,
				560CD3FE237614870040AE99 /* WorkoutStartView.swift */,
				560CD3E7237614470040AE99 /* ExtensionDelegate.swift */,
				560CD3E9237614470040AE99 /* NotificationController.swift */,
			);
			path = "phobitchesWATCHOS Extension";
			sourceTree = "<group>";
		};
		56E8C5CA23631DB5000F53FD /* Extensions */ = {
			isa = PBXGroup;
			children = (
				56E8C5CB23631DD0000F53FD /* UIView+extensions.swift */,
				6C61E03F236B163D004F50F3 /* AVAudioPlayer+extensions.swift */,
			);
			path = Extensions;
			sourceTree = "<group>";
		};
		6C2B122623743CC200B95953 /* Frameworks */ = {
			isa = PBXGroup;
			children = (
				56D356492376163200B2565B /* HealthKit.framework */,
				6C2B122723743CC200B95953 /* HealthKit.framework */,
			);
			name = Frameworks;
			sourceTree = "<group>";
		};
		6C714249236C5F6600A84B71 /* Audios */ = {
			isa = PBXGroup;
			children = (
				569C3E81237589C600CD73C0 /* audio_F_BR.wav */,
				569C3E80237589C400CD73C0 /* audio_F_BR 2.wav */,
				569C3E7C237589BB00CD73C0 /* audio_F_BR 3.wav */,
				569C3E7E237589BF00CD73C0 /* audio_F_EN.wav */,
				569C3E7A237589B800CD73C0 /* audio_F_EN 2.wav */,
				569C3E84237589CE00CD73C0 /* audio_F_EN 3.wav */,
				569C3E83237589CC00CD73C0 /* audio_M_BR.wav */,
				569C3E77237589B400CD73C0 /* audio_M_BR 2.wav */,
				569C3E8C237589E100CD73C0 /* audio_M_BR 3.wav */,
				569C3E82237589C900CD73C0 /* audio_M_EN.wav */,
				569C3E8A237589DC00CD73C0 /* audio_M_EN 2.wav */,
				569C3E8B237589DE00CD73C0 /* audio_M_EN 3.wav */,
			);
			path = Audios;
			sourceTree = "<group>";
		};
		9D6726A42355F9700030CAE7 /* Controller */ = {
			isa = PBXGroup;
			children = (
				D98F0B382372F1CB0074D305 /* OnBoardingViewController.swift */,
				9D67269A2355E7A20030CAE7 /* FobiasViewController.swift */,
				9D67269C2355F31C0030CAE7 /* NiveisViewController.swift */,
				9D6726A22355F5E50030CAE7 /* Nivel1ViewController.swift */,
				565582FD2374534300632B3E /* ChooseVoiceViewController.swift */,
				9D6726A02355F56D0030CAE7 /* Nivel2ViewController.swift */,
				9D67269E2355F4EB0030CAE7 /* Nivel3ViewController.swift */,
				07C5C4242350BB3400AB67C9 /* Nivel4ViewController.swift */,
				56E8C5CF2363CC0E000F53FD /* SettingsTableViewController.swift */,
				56E8C5D12363CF81000F53FD /* ProgressViewController.swift */,
				076EDA1823745DF000FFE2A7 /* ArTextViewController.swift */,
			);
			path = Controller;
			sourceTree = "<group>";
		};
		9D6726A52355F9840030CAE7 /* Model */ = {
			isa = PBXGroup;
			children = (
				07009F332357ADEE0070FD28 /* Fobia.swift */,
				07009F322357ADEE0070FD28 /* Model.swift */,
				6C714243236C399100A84B71 /* StageOne.swift */,
				6C714245236C490D00A84B71 /* StageTwo.swift */,
				6C714247236C4AA900A84B71 /* StageThree.swift */,
			);
			path = Model;
			sourceTree = "<group>";
		};
		9D6726A62355F99A0030CAE7 /* View */ = {
			isa = PBXGroup;
			children = (
				56A5DAA723609B8700BCC0F9 /* EtapaCell.swift */,
				9D576B88236B0BBC009B9246 /* ImagemCell.swift */,
				56A5DAA623609B8700BCC0F9 /* FobiaCell.swift */,
				56526EEC236618F000A3C641 /* TextoCell.swift */,
				56277D612369CF01003CE021 /* AudioCell.swift */,
				56E8C5D92363D604000F53FD /* ViewProgressCell.swift */,
				0706E64423744AE800F65C09 /* StageFourCardCell.swift */,
				076EDA1A23745FFE00FFE2A7 /* PlayAnimationCardCell.swift */,
				9D4C55702361D0C200062326 /* Etapa1ViewController.storyboard */,
				9D4C55732361D0D400062326 /* Etapa2ViewController.storyboard */,
				9D4C55762361D0E100062326 /* Etapa3ViewController.storyboard */,
				D98F0B3A2372F1FF0074D305 /* Onboarding.storyboard */,
				9D4C55792361D0F400062326 /* Etapa4ViewController.storyboard */,
				07C5C4262350BB3400AB67C9 /* Main.storyboard */,
				07C5C42B2350BB3700AB67C9 /* LaunchScreen.storyboard */,
				56A5DAAA23609D7E00BCC0F9 /* NiveisViewController.storyboard */,
				56E8C5DB2363DA47000F53FD /* ProgressViewController.storyboard */,
				565582FB2374521B00632B3E /* ChooseVoiceViewController.storyboard */,
				07D889FE2375FF5C00DC4A33 /* ChooseVoiceViewController 2.storyboard */,
				07D889F22375DE3300DC4A33 /* TelaOnboarding1CollectionViewCell.swift */,
				07D889F82375EC5700DC4A33 /* TelaOnboarding2CollectionViewCell.swift */,
				07D889FA2375EC5900DC4A33 /* TelaOnboarding3CollectionViewCell.swift */,
				07D889FC2375EC5A00DC4A33 /* TelaOnboarding4CollectionViewCell.swift */,
				07D889F62375EC5500DC4A33 /* TelaOnboarding5CollectionViewCell.swift */,
			);
			path = View;
			sourceTree = "<group>";
		};
/* End PBXGroup section */

/* Begin PBXNativeTarget section */
		07C5C41C2350BB3400AB67C9 /* TesteARanha */ = {
			isa = PBXNativeTarget;
			buildConfigurationList = 07C5C43C2350BB3700AB67C9 /* Build configuration list for PBXNativeTarget "TesteARanha" */;
			buildPhases = (
				07C5C4192350BB3400AB67C9 /* Sources */,
				07C5C41A2350BB3400AB67C9 /* Frameworks */,
				07C5C41B2350BB3400AB67C9 /* Resources */,
				6C2B1224237439CC00B95953 /* Embed Watch Content */,
			);
			buildRules = (
			);
			dependencies = (
				560CD3F0237614480040AE99 /* PBXTargetDependency */,
			);
			name = TesteARanha;
			productName = TesteARanha;
			productReference = 07C5C41D2350BB3400AB67C9 /* Phobit.app */;
			productType = "com.apple.product-type.application";
		};
		07C5C4322350BB3700AB67C9 /* TesteARanhaTests */ = {
			isa = PBXNativeTarget;
			buildConfigurationList = 07C5C43F2350BB3700AB67C9 /* Build configuration list for PBXNativeTarget "TesteARanhaTests" */;
			buildPhases = (
				07C5C42F2350BB3700AB67C9 /* Sources */,
				07C5C4302350BB3700AB67C9 /* Frameworks */,
				07C5C4312350BB3700AB67C9 /* Resources */,
			);
			buildRules = (
			);
			dependencies = (
				07C5C4352350BB3700AB67C9 /* PBXTargetDependency */,
			);
			name = TesteARanhaTests;
			productName = TesteARanhaTests;
			productReference = 07C5C4332350BB3700AB67C9 /* TesteARanhaTests.xctest */;
			productType = "com.apple.product-type.bundle.unit-test";
		};
		560CD3D3237614430040AE99 /* phobitchesWATCHOS */ = {
			isa = PBXNativeTarget;
			buildConfigurationList = 560CD3F8237614480040AE99 /* Build configuration list for PBXNativeTarget "phobitchesWATCHOS" */;
			buildPhases = (
				560CD3D2237614430040AE99 /* Resources */,
				560CD3F4237614480040AE99 /* Embed App Extensions */,
			);
			buildRules = (
			);
			dependencies = (
				560CD3E3237614470040AE99 /* PBXTargetDependency */,
			);
			name = phobitchesWATCHOS;
			productName = phobitchesWATCHOS;
			productReference = 560CD3D4237614430040AE99 /* Phobit Watchkit.app */;
			productType = "com.apple.product-type.application.watchapp2";
		};
		560CD3DF237614470040AE99 /* phobitchesWATCHOS Extension */ = {
			isa = PBXNativeTarget;
			buildConfigurationList = 560CD3F7237614480040AE99 /* Build configuration list for PBXNativeTarget "phobitchesWATCHOS Extension" */;
			buildPhases = (
				560CD3DC237614470040AE99 /* Sources */,
				560CD3DD237614470040AE99 /* Frameworks */,
				560CD3DE237614470040AE99 /* Resources */,
			);
			buildRules = (
			);
			dependencies = (
			);
			name = "phobitchesWATCHOS Extension";
			productName = "phobitchesWATCHOS Extension";
			productReference = 560CD3E0237614470040AE99 /* Phobit WatchKit App Extension.appex */;
			productType = "com.apple.product-type.watchkit2-extension";
		};
/* End PBXNativeTarget section */

/* Begin PBXProject section */
		07C5C4152350BB3300AB67C9 /* Project object */ = {
			isa = PBXProject;
			attributes = {
				LastSwiftUpdateCheck = 1120;
				LastUpgradeCheck = 1100;
				ORGANIZATIONNAME = "Pedro Vargas";
				TargetAttributes = {
					07C5C41C2350BB3400AB67C9 = {
						CreatedOnToolsVersion = 11.0;
					};
					07C5C4322350BB3700AB67C9 = {
						CreatedOnToolsVersion = 11.0;
						TestTargetID = 07C5C41C2350BB3400AB67C9;
					};
					560CD3D3237614430040AE99 = {
						CreatedOnToolsVersion = 11.2;
					};
					560CD3DF237614470040AE99 = {
						CreatedOnToolsVersion = 11.2;
					};
				};
			};
			buildConfigurationList = 07C5C4182350BB3300AB67C9 /* Build configuration list for PBXProject "TesteARanha" */;
			compatibilityVersion = "Xcode 9.3";
			developmentRegion = en;
			hasScannedForEncodings = 0;
			knownRegions = (
				en,
				Base,
			);
			mainGroup = 07C5C4142350BB3300AB67C9;
			productRefGroup = 07C5C41E2350BB3400AB67C9 /* Products */;
			projectDirPath = "";
			projectRoot = "";
			targets = (
				07C5C41C2350BB3400AB67C9 /* TesteARanha */,
				07C5C4322350BB3700AB67C9 /* TesteARanhaTests */,
				560CD3D3237614430040AE99 /* phobitchesWATCHOS */,
				560CD3DF237614470040AE99 /* phobitchesWATCHOS Extension */,
			);
		};
/* End PBXProject section */

/* Begin PBXResourcesBuildPhase section */
		07C5C41B2350BB3400AB67C9 /* Resources */ = {
			isa = PBXResourcesBuildPhase;
			buildActionMask = 2147483647;
			files = (
				07CAB054235103C800E19AB4 /* spider4_color.jpg in Resources */,
				569C3E9A237589E100CD73C0 /* audio_F_BR 2.wav in Resources */,
				9D4C557B2361D0F400062326 /* Etapa4ViewController.storyboard in Resources */,
				07CAB051235103C800E19AB4 /* ship.png in Resources */,
				569C3E94237589E100CD73C0 /* audio_F_EN 2.wav in Resources */,
				56E8C5DD2363DA47000F53FD /* ProgressViewController.storyboard in Resources */,
				07CAB04D235103C800E19AB4 /* spider2_color.jpg in Resources */,
				07AAEC9F235901FB001F6734 /* Spinnen_Bein_tex.jpg in Resources */,
				9D4C55722361D0C200062326 /* Etapa1ViewController.storyboard in Resources */,
				07D889FF2375FF5C00DC4A33 /* ChooseVoiceViewController 2.storyboard in Resources */,
				569C3E98237589E100CD73C0 /* audio_F_EN.wav in Resources */,
				569C3E91237589E100CD73C0 /* audio_M_BR 2.wav in Resources */,
				9D4C55752361D0D400062326 /* Etapa2ViewController.storyboard in Resources */,
				569C3EA5237589E100CD73C0 /* audio_M_EN 3.wav in Resources */,
				569C3E96237589E100CD73C0 /* audio_F_BR 3.wav in Resources */,
				07CAB04F235103C800E19AB4 /* spider5_color.jpg in Resources */,
				569C3E9E237589E100CD73C0 /* audio_F_EN 3.wav in Resources */,
				07C5C42D2350BB3700AB67C9 /* LaunchScreen.storyboard in Resources */,
				07CAB04E235103C800E19AB4 /* spider3_color.jpg in Resources */,
				0769A01923719DCB00EABEF5 /* oi.usdz in Resources */,
				07E7A630236A4E61009EEAB5 /* spiderAnimated.usdz in Resources */,
				07AAEC9D235901FB001F6734 /* Spinnen_Bein_tex_COLOR_.png in Resources */,
				07C5C42A2350BB3700AB67C9 /* Assets.xcassets in Resources */,
				07AAEC9E235901FB001F6734 /* SH3.png in Resources */,
				D98F0B3B2372F1FF0074D305 /* Onboarding.storyboard in Resources */,
				07AAECA1235901FB001F6734 /* Spinnen_Bein_tex_COLOR_.jpg in Resources */,
				569C3E9D237589E100CD73C0 /* audio_M_BR.wav in Resources */,
				569C3E9B237589E100CD73C0 /* audio_F_BR.wav in Resources */,
				56A5DAAC23609D7E00BCC0F9 /* NiveisViewController.storyboard in Resources */,
				569C3EA4237589E100CD73C0 /* audio_M_EN 2.wav in Resources */,
				07CAB053235103C800E19AB4 /* spider1_color.jpg in Resources */,
				569C3E9C237589E100CD73C0 /* audio_M_EN.wav in Resources */,
				565582FC2374521B00632B3E /* ChooseVoiceViewController.storyboard in Resources */,
				9D4C55782361D0E100062326 /* Etapa3ViewController.storyboard in Resources */,
				07AAEC9C235901FB001F6734 /* Spinnen_Bein_tex_2.jpg in Resources */,
				569C3EA6237589E100CD73C0 /* audio_M_BR 3.wav in Resources */,
				07C5C4282350BB3400AB67C9 /* Main.storyboard in Resources */,
			);
			runOnlyForDeploymentPostprocessing = 0;
		};
		07C5C4312350BB3700AB67C9 /* Resources */ = {
			isa = PBXResourcesBuildPhase;
			buildActionMask = 2147483647;
			files = (
			);
			runOnlyForDeploymentPostprocessing = 0;
		};
		560CD3D2237614430040AE99 /* Resources */ = {
			isa = PBXResourcesBuildPhase;
			buildActionMask = 2147483647;
			files = (
				560CD40A237614F80040AE99 /* Supporting Files in Resources */,
				560CD408237614F10040AE99 /* Interface.storyboard in Resources */,
			);
			runOnlyForDeploymentPostprocessing = 0;
		};
		560CD3DE237614470040AE99 /* Resources */ = {
			isa = PBXResourcesBuildPhase;
			buildActionMask = 2147483647;
			files = (
				560CD401237614870040AE99 /* Supporting Files in Resources */,
			);
			runOnlyForDeploymentPostprocessing = 0;
		};
/* End PBXResourcesBuildPhase section */

/* Begin PBXSourcesBuildPhase section */
		07C5C4192350BB3400AB67C9 /* Sources */ = {
			isa = PBXSourcesBuildPhase;
			buildActionMask = 2147483647;
			files = (
				56A5DAA923609B8700BCC0F9 /* EtapaCell.swift in Sources */,
				07D889FD2375EC5A00DC4A33 /* TelaOnboarding4CollectionViewCell.swift in Sources */,
				56E8C5D02363CC0E000F53FD /* SettingsTableViewController.swift in Sources */,
				07009F352357ADEE0070FD28 /* Model.swift in Sources */,
				56E8C5D22363CF81000F53FD /* ProgressViewController.swift in Sources */,
				56277D622369CF01003CE021 /* AudioCell.swift in Sources */,
				07C5C4252350BB3400AB67C9 /* Nivel4ViewController.swift in Sources */,
				9D67269B2355E7A20030CAE7 /* FobiasViewController.swift in Sources */,
				07D889F92375EC5700DC4A33 /* TelaOnboarding2CollectionViewCell.swift in Sources */,
				9D6726A12355F56D0030CAE7 /* Nivel2ViewController.swift in Sources */,
				9D6726A32355F5E50030CAE7 /* Nivel1ViewController.swift in Sources */,
				6C61E040236B163D004F50F3 /* AVAudioPlayer+extensions.swift in Sources */,
				9D67269D2355F31C0030CAE7 /* NiveisViewController.swift in Sources */,
				6C714244236C399100A84B71 /* StageOne.swift in Sources */,
				07D889F72375EC5500DC4A33 /* TelaOnboarding5CollectionViewCell.swift in Sources */,
				07D889F32375DE3300DC4A33 /* TelaOnboarding1CollectionViewCell.swift in Sources */,
				07009F362357ADEE0070FD28 /* Fobia.swift in Sources */,
				56E8C5CC23631DD0000F53FD /* UIView+extensions.swift in Sources */,
				07C5C4212350BB3400AB67C9 /* AppDelegate.swift in Sources */,
				076EDA1923745DF000FFE2A7 /* ArTextViewController.swift in Sources */,
				0706E64523744AE900F65C09 /* StageFourCardCell.swift in Sources */,
				9D576B89236B0BBC009B9246 /* ImagemCell.swift in Sources */,
				07D889FB2375EC5900DC4A33 /* TelaOnboarding3CollectionViewCell.swift in Sources */,
				D98F0B392372F1CB0074D305 /* OnBoardingViewController.swift in Sources */,
				9D67269F2355F4EB0030CAE7 /* Nivel3ViewController.swift in Sources */,
				6C714248236C4AA900A84B71 /* StageThree.swift in Sources */,
				56A5DAA823609B8700BCC0F9 /* FobiaCell.swift in Sources */,
				565582FE2374534300632B3E /* ChooseVoiceViewController.swift in Sources */,
				56526EED236618F000A3C641 /* TextoCell.swift in Sources */,
				56E8C5DA2363D604000F53FD /* ViewProgressCell.swift in Sources */,
				076EDA1B23745FFE00FFE2A7 /* PlayAnimationCardCell.swift in Sources */,
				6C714246236C490D00A84B71 /* StageTwo.swift in Sources */,
			);
			runOnlyForDeploymentPostprocessing = 0;
		};
		07C5C42F2350BB3700AB67C9 /* Sources */ = {
			isa = PBXSourcesBuildPhase;
			buildActionMask = 2147483647;
			files = (
				07C5C4382350BB3700AB67C9 /* TesteARanhaTests.swift in Sources */,
			);
			runOnlyForDeploymentPostprocessing = 0;
		};
		560CD3DC237614470040AE99 /* Sources */ = {
			isa = PBXSourcesBuildPhase;
			buildActionMask = 2147483647;
			files = (
				560CD404237614870040AE99 /* WorkoutSessionContext.swift in Sources */,
				560CD3EA237614470040AE99 /* NotificationController.swift in Sources */,
				560CD402237614870040AE99 /* WorkoutSession.swift in Sources */,
				560CD3E8237614470040AE99 /* ExtensionDelegate.swift in Sources */,
				560CD405237614870040AE99 /* WorkoutStartView.swift in Sources */,
				560CD403237614870040AE99 /* WorkoutRow.swift in Sources */,
			);
			runOnlyForDeploymentPostprocessing = 0;
		};
/* End PBXSourcesBuildPhase section */

/* Begin PBXTargetDependency section */
		07C5C4352350BB3700AB67C9 /* PBXTargetDependency */ = {
			isa = PBXTargetDependency;
			target = 07C5C41C2350BB3400AB67C9 /* TesteARanha */;
			targetProxy = 07C5C4342350BB3700AB67C9 /* PBXContainerItemProxy */;
		};
		560CD3E3237614470040AE99 /* PBXTargetDependency */ = {
			isa = PBXTargetDependency;
			target = 560CD3DF237614470040AE99 /* phobitchesWATCHOS Extension */;
			targetProxy = 560CD3E2237614470040AE99 /* PBXContainerItemProxy */;
		};
		560CD3F0237614480040AE99 /* PBXTargetDependency */ = {
			isa = PBXTargetDependency;
			target = 560CD3D3237614430040AE99 /* phobitchesWATCHOS */;
			targetProxy = 560CD3EF237614480040AE99 /* PBXContainerItemProxy */;
		};
/* End PBXTargetDependency section */

/* Begin PBXVariantGroup section */
		07C5C4262350BB3400AB67C9 /* Main.storyboard */ = {
			isa = PBXVariantGroup;
			children = (
				07C5C4272350BB3400AB67C9 /* Base */,
			);
			name = Main.storyboard;
			sourceTree = "<group>";
		};
		07C5C42B2350BB3700AB67C9 /* LaunchScreen.storyboard */ = {
			isa = PBXVariantGroup;
			children = (
				07C5C42C2350BB3700AB67C9 /* Base */,
			);
			name = LaunchScreen.storyboard;
			sourceTree = "<group>";
		};
		56A5DAAA23609D7E00BCC0F9 /* NiveisViewController.storyboard */ = {
			isa = PBXVariantGroup;
			children = (
				56A5DAAB23609D7E00BCC0F9 /* Base */,
			);
			name = NiveisViewController.storyboard;
			sourceTree = "<group>";
		};
		56E8C5DB2363DA47000F53FD /* ProgressViewController.storyboard */ = {
			isa = PBXVariantGroup;
			children = (
				56E8C5DC2363DA47000F53FD /* Base */,
			);
			name = ProgressViewController.storyboard;
			sourceTree = "<group>";
		};
		9D4C55702361D0C200062326 /* Etapa1ViewController.storyboard */ = {
			isa = PBXVariantGroup;
			children = (
				9D4C55712361D0C200062326 /* Base */,
			);
			name = Etapa1ViewController.storyboard;
			sourceTree = "<group>";
		};
		9D4C55732361D0D400062326 /* Etapa2ViewController.storyboard */ = {
			isa = PBXVariantGroup;
			children = (
				9D4C55742361D0D400062326 /* Base */,
			);
			name = Etapa2ViewController.storyboard;
			sourceTree = "<group>";
		};
		9D4C55762361D0E100062326 /* Etapa3ViewController.storyboard */ = {
			isa = PBXVariantGroup;
			children = (
				9D4C55772361D0E100062326 /* Base */,
			);
			name = Etapa3ViewController.storyboard;
			sourceTree = "<group>";
		};
		9D4C55792361D0F400062326 /* Etapa4ViewController.storyboard */ = {
			isa = PBXVariantGroup;
			children = (
				9D4C557A2361D0F400062326 /* Base */,
			);
			name = Etapa4ViewController.storyboard;
			sourceTree = "<group>";
		};
/* End PBXVariantGroup section */

/* Begin XCBuildConfiguration section */
		07C5C43A2350BB3700AB67C9 /* Debug */ = {
			isa = XCBuildConfiguration;
			buildSettings = {
				ALWAYS_SEARCH_USER_PATHS = NO;
				CLANG_ANALYZER_NONNULL = YES;
				CLANG_ANALYZER_NUMBER_OBJECT_CONVERSION = YES_AGGRESSIVE;
				CLANG_CXX_LANGUAGE_STANDARD = "gnu++14";
				CLANG_CXX_LIBRARY = "libc++";
				CLANG_ENABLE_MODULES = YES;
				CLANG_ENABLE_OBJC_ARC = YES;
				CLANG_ENABLE_OBJC_WEAK = YES;
				CLANG_WARN_BLOCK_CAPTURE_AUTORELEASING = YES;
				CLANG_WARN_BOOL_CONVERSION = YES;
				CLANG_WARN_COMMA = YES;
				CLANG_WARN_CONSTANT_CONVERSION = YES;
				CLANG_WARN_DEPRECATED_OBJC_IMPLEMENTATIONS = YES;
				CLANG_WARN_DIRECT_OBJC_ISA_USAGE = YES_ERROR;
				CLANG_WARN_DOCUMENTATION_COMMENTS = YES;
				CLANG_WARN_EMPTY_BODY = YES;
				CLANG_WARN_ENUM_CONVERSION = YES;
				CLANG_WARN_INFINITE_RECURSION = YES;
				CLANG_WARN_INT_CONVERSION = YES;
				CLANG_WARN_NON_LITERAL_NULL_CONVERSION = YES;
				CLANG_WARN_OBJC_IMPLICIT_RETAIN_SELF = YES;
				CLANG_WARN_OBJC_LITERAL_CONVERSION = YES;
				CLANG_WARN_OBJC_ROOT_CLASS = YES_ERROR;
				CLANG_WARN_RANGE_LOOP_ANALYSIS = YES;
				CLANG_WARN_STRICT_PROTOTYPES = YES;
				CLANG_WARN_SUSPICIOUS_MOVE = YES;
				CLANG_WARN_UNGUARDED_AVAILABILITY = YES_AGGRESSIVE;
				CLANG_WARN_UNREACHABLE_CODE = YES;
				CLANG_WARN__DUPLICATE_METHOD_MATCH = YES;
				COPY_PHASE_STRIP = NO;
				DEBUG_INFORMATION_FORMAT = dwarf;
				ENABLE_STRICT_OBJC_MSGSEND = YES;
				ENABLE_TESTABILITY = YES;
				GCC_C_LANGUAGE_STANDARD = gnu11;
				GCC_DYNAMIC_NO_PIC = NO;
				GCC_NO_COMMON_BLOCKS = YES;
				GCC_OPTIMIZATION_LEVEL = 0;
				GCC_PREPROCESSOR_DEFINITIONS = (
					"DEBUG=1",
					"$(inherited)",
				);
				GCC_WARN_64_TO_32_BIT_CONVERSION = YES;
				GCC_WARN_ABOUT_RETURN_TYPE = YES_ERROR;
				GCC_WARN_UNDECLARED_SELECTOR = YES;
				GCC_WARN_UNINITIALIZED_AUTOS = YES_AGGRESSIVE;
				GCC_WARN_UNUSED_FUNCTION = YES;
				GCC_WARN_UNUSED_VARIABLE = YES;
				IPHONEOS_DEPLOYMENT_TARGET = 13.0;
				MTL_ENABLE_DEBUG_INFO = INCLUDE_SOURCE;
				MTL_FAST_MATH = YES;
				ONLY_ACTIVE_ARCH = YES;
				SDKROOT = iphoneos;
				SWIFT_ACTIVE_COMPILATION_CONDITIONS = DEBUG;
				SWIFT_OPTIMIZATION_LEVEL = "-Onone";
			};
			name = Debug;
		};
		07C5C43B2350BB3700AB67C9 /* Release */ = {
			isa = XCBuildConfiguration;
			buildSettings = {
				ALWAYS_SEARCH_USER_PATHS = NO;
				CLANG_ANALYZER_NONNULL = YES;
				CLANG_ANALYZER_NUMBER_OBJECT_CONVERSION = YES_AGGRESSIVE;
				CLANG_CXX_LANGUAGE_STANDARD = "gnu++14";
				CLANG_CXX_LIBRARY = "libc++";
				CLANG_ENABLE_MODULES = YES;
				CLANG_ENABLE_OBJC_ARC = YES;
				CLANG_ENABLE_OBJC_WEAK = YES;
				CLANG_WARN_BLOCK_CAPTURE_AUTORELEASING = YES;
				CLANG_WARN_BOOL_CONVERSION = YES;
				CLANG_WARN_COMMA = YES;
				CLANG_WARN_CONSTANT_CONVERSION = YES;
				CLANG_WARN_DEPRECATED_OBJC_IMPLEMENTATIONS = YES;
				CLANG_WARN_DIRECT_OBJC_ISA_USAGE = YES_ERROR;
				CLANG_WARN_DOCUMENTATION_COMMENTS = YES;
				CLANG_WARN_EMPTY_BODY = YES;
				CLANG_WARN_ENUM_CONVERSION = YES;
				CLANG_WARN_INFINITE_RECURSION = YES;
				CLANG_WARN_INT_CONVERSION = YES;
				CLANG_WARN_NON_LITERAL_NULL_CONVERSION = YES;
				CLANG_WARN_OBJC_IMPLICIT_RETAIN_SELF = YES;
				CLANG_WARN_OBJC_LITERAL_CONVERSION = YES;
				CLANG_WARN_OBJC_ROOT_CLASS = YES_ERROR;
				CLANG_WARN_RANGE_LOOP_ANALYSIS = YES;
				CLANG_WARN_STRICT_PROTOTYPES = YES;
				CLANG_WARN_SUSPICIOUS_MOVE = YES;
				CLANG_WARN_UNGUARDED_AVAILABILITY = YES_AGGRESSIVE;
				CLANG_WARN_UNREACHABLE_CODE = YES;
				CLANG_WARN__DUPLICATE_METHOD_MATCH = YES;
				COPY_PHASE_STRIP = NO;
				DEBUG_INFORMATION_FORMAT = "dwarf-with-dsym";
				ENABLE_NS_ASSERTIONS = NO;
				ENABLE_STRICT_OBJC_MSGSEND = YES;
				GCC_C_LANGUAGE_STANDARD = gnu11;
				GCC_NO_COMMON_BLOCKS = YES;
				GCC_WARN_64_TO_32_BIT_CONVERSION = YES;
				GCC_WARN_ABOUT_RETURN_TYPE = YES_ERROR;
				GCC_WARN_UNDECLARED_SELECTOR = YES;
				GCC_WARN_UNINITIALIZED_AUTOS = YES_AGGRESSIVE;
				GCC_WARN_UNUSED_FUNCTION = YES;
				GCC_WARN_UNUSED_VARIABLE = YES;
				IPHONEOS_DEPLOYMENT_TARGET = 13.0;
				MTL_ENABLE_DEBUG_INFO = NO;
				MTL_FAST_MATH = YES;
				SDKROOT = iphoneos;
				SWIFT_COMPILATION_MODE = wholemodule;
				SWIFT_OPTIMIZATION_LEVEL = "-O";
				VALIDATE_PRODUCT = YES;
			};
			name = Release;
		};
		07C5C43D2350BB3700AB67C9 /* Debug */ = {
			isa = XCBuildConfiguration;
			buildSettings = {
				ASSETCATALOG_COMPILER_APPICON_NAME = AppIcon;
				CODE_SIGN_ENTITLEMENTS = TesteARanha/Phobit.entitlements;
				CODE_SIGN_STYLE = Automatic;
				DEVELOPMENT_TEAM = 5MSP4455P9;
				INFOPLIST_FILE = TesteARanha/Info.plist;
				LD_RUNPATH_SEARCH_PATHS = (
					"$(inherited)",
					"@executable_path/Frameworks",
				);
				PRODUCT_BUNDLE_IDENTIFIER = com.wonderwoman.Fobias;
				PRODUCT_NAME = Phobit;
				SWIFT_VERSION = 5.0;
				TARGETED_DEVICE_FAMILY = "1,2";
			};
			name = Debug;
		};
		07C5C43E2350BB3700AB67C9 /* Release */ = {
			isa = XCBuildConfiguration;
			buildSettings = {
				ASSETCATALOG_COMPILER_APPICON_NAME = AppIcon;
				CODE_SIGN_ENTITLEMENTS = TesteARanha/Phobit.entitlements;
				CODE_SIGN_STYLE = Automatic;
				DEVELOPMENT_TEAM = 5MSP4455P9;
				INFOPLIST_FILE = TesteARanha/Info.plist;
				LD_RUNPATH_SEARCH_PATHS = (
					"$(inherited)",
					"@executable_path/Frameworks",
				);
				PRODUCT_BUNDLE_IDENTIFIER = com.wonderwoman.Fobias;
				PRODUCT_NAME = Phobit;
				SWIFT_VERSION = 5.0;
				TARGETED_DEVICE_FAMILY = "1,2";
			};
			name = Release;
		};
		07C5C4402350BB3700AB67C9 /* Debug */ = {
			isa = XCBuildConfiguration;
			buildSettings = {
				ALWAYS_EMBED_SWIFT_STANDARD_LIBRARIES = YES;
				BUNDLE_LOADER = "$(TEST_HOST)";
				CODE_SIGN_STYLE = Automatic;
				DEVELOPMENT_TEAM = 5MSP4455P9;
				INFOPLIST_FILE = TesteARanhaTests/Info.plist;
				IPHONEOS_DEPLOYMENT_TARGET = 13.0;
				LD_RUNPATH_SEARCH_PATHS = (
					"$(inherited)",
					"@executable_path/Frameworks",
					"@loader_path/Frameworks",
				);
				PRODUCT_BUNDLE_IDENTIFIER = com.PedroVargas.TesteARanhaTests;
				PRODUCT_NAME = "$(TARGET_NAME)";
				SWIFT_VERSION = 5.0;
				TARGETED_DEVICE_FAMILY = "1,2";
				TEST_HOST = "$(BUILT_PRODUCTS_DIR)/TesteARanha.app/TesteARanha";
			};
			name = Debug;
		};
		07C5C4412350BB3700AB67C9 /* Release */ = {
			isa = XCBuildConfiguration;
			buildSettings = {
				ALWAYS_EMBED_SWIFT_STANDARD_LIBRARIES = YES;
				BUNDLE_LOADER = "$(TEST_HOST)";
				CODE_SIGN_STYLE = Automatic;
				DEVELOPMENT_TEAM = 5MSP4455P9;
				INFOPLIST_FILE = TesteARanhaTests/Info.plist;
				IPHONEOS_DEPLOYMENT_TARGET = 13.0;
				LD_RUNPATH_SEARCH_PATHS = (
					"$(inherited)",
					"@executable_path/Frameworks",
					"@loader_path/Frameworks",
				);
				PRODUCT_BUNDLE_IDENTIFIER = com.PedroVargas.TesteARanhaTests;
				PRODUCT_NAME = "$(TARGET_NAME)";
				SWIFT_VERSION = 5.0;
				TARGETED_DEVICE_FAMILY = "1,2";
				TEST_HOST = "$(BUILT_PRODUCTS_DIR)/TesteARanha.app/TesteARanha";
			};
			name = Release;
		};
		560CD3F2237614480040AE99 /* Debug */ = {
			isa = XCBuildConfiguration;
			buildSettings = {
				ALWAYS_EMBED_SWIFT_STANDARD_LIBRARIES = YES;
				ASSETCATALOG_COMPILER_APPICON_NAME = AppIcon;
				CODE_SIGN_STYLE = Automatic;
				DEVELOPMENT_TEAM = 5MSP4455P9;
				IBSC_MODULE = phobitchesWATCHOS_Extension;
				INFOPLIST_FILE = phobitchesWATCHOS/Info.plist;
				PRODUCT_BUNDLE_IDENTIFIER = com.wonderwoman.Fobias.watchkitapp;
				PRODUCT_NAME = "Phobit Watchkit";
				SDKROOT = watchos;
				SKIP_INSTALL = YES;
				SWIFT_VERSION = 5.0;
				TARGETED_DEVICE_FAMILY = 4;
				WATCHOS_DEPLOYMENT_TARGET = 6.1;
			};
			name = Debug;
		};
		560CD3F3237614480040AE99 /* Release */ = {
			isa = XCBuildConfiguration;
			buildSettings = {
				ALWAYS_EMBED_SWIFT_STANDARD_LIBRARIES = YES;
				ASSETCATALOG_COMPILER_APPICON_NAME = AppIcon;
				CODE_SIGN_STYLE = Automatic;
				DEVELOPMENT_TEAM = 5MSP4455P9;
				IBSC_MODULE = phobitchesWATCHOS_Extension;
				INFOPLIST_FILE = phobitchesWATCHOS/Info.plist;
				PRODUCT_BUNDLE_IDENTIFIER = com.wonderwoman.Fobias.watchkitapp;
				PRODUCT_NAME = "Phobit Watchkit";
				SDKROOT = watchos;
				SKIP_INSTALL = YES;
				SWIFT_VERSION = 5.0;
				TARGETED_DEVICE_FAMILY = 4;
				WATCHOS_DEPLOYMENT_TARGET = 6.1;
			};
			name = Release;
		};
		560CD3F5237614480040AE99 /* Debug */ = {
			isa = XCBuildConfiguration;
			buildSettings = {
				ASSETCATALOG_COMPILER_COMPLICATION_NAME = Complication;
				CODE_SIGN_STYLE = Automatic;
				DEVELOPMENT_TEAM = 5MSP4455P9;
				INFOPLIST_FILE = "phobitchesWATCHOS Extension/Info.plist";
				LD_RUNPATH_SEARCH_PATHS = (
					"$(inherited)",
					"@executable_path/Frameworks",
					"@executable_path/../../Frameworks",
				);
				PRODUCT_BUNDLE_IDENTIFIER = com.wonderwoman.Fobias.watchkitapp.watchkitextension;
				PRODUCT_NAME = "Phobit WatchKit App Extension";
				SDKROOT = watchos;
				SKIP_INSTALL = YES;
				SWIFT_VERSION = 5.0;
				TARGETED_DEVICE_FAMILY = 4;
				WATCHOS_DEPLOYMENT_TARGET = 6.1;
			};
			name = Debug;
		};
		560CD3F6237614480040AE99 /* Release */ = {
			isa = XCBuildConfiguration;
			buildSettings = {
				ASSETCATALOG_COMPILER_COMPLICATION_NAME = Complication;
				CODE_SIGN_STYLE = Automatic;
				DEVELOPMENT_TEAM = 5MSP4455P9;
				INFOPLIST_FILE = "phobitchesWATCHOS Extension/Info.plist";
				LD_RUNPATH_SEARCH_PATHS = (
					"$(inherited)",
					"@executable_path/Frameworks",
					"@executable_path/../../Frameworks",
				);
				PRODUCT_BUNDLE_IDENTIFIER = com.wonderwoman.Fobias.watchkitapp.watchkitextension;
				PRODUCT_NAME = "Phobit WatchKit App Extension";
				SDKROOT = watchos;
				SKIP_INSTALL = YES;
				SWIFT_VERSION = 5.0;
				TARGETED_DEVICE_FAMILY = 4;
				WATCHOS_DEPLOYMENT_TARGET = 6.1;
			};
			name = Release;
		};
/* End XCBuildConfiguration section */

/* Begin XCConfigurationList section */
		07C5C4182350BB3300AB67C9 /* Build configuration list for PBXProject "TesteARanha" */ = {
			isa = XCConfigurationList;
			buildConfigurations = (
				07C5C43A2350BB3700AB67C9 /* Debug */,
				07C5C43B2350BB3700AB67C9 /* Release */,
			);
			defaultConfigurationIsVisible = 0;
			defaultConfigurationName = Release;
		};
		07C5C43C2350BB3700AB67C9 /* Build configuration list for PBXNativeTarget "TesteARanha" */ = {
			isa = XCConfigurationList;
			buildConfigurations = (
				07C5C43D2350BB3700AB67C9 /* Debug */,
				07C5C43E2350BB3700AB67C9 /* Release */,
			);
			defaultConfigurationIsVisible = 0;
			defaultConfigurationName = Release;
		};
		07C5C43F2350BB3700AB67C9 /* Build configuration list for PBXNativeTarget "TesteARanhaTests" */ = {
			isa = XCConfigurationList;
			buildConfigurations = (
				07C5C4402350BB3700AB67C9 /* Debug */,
				07C5C4412350BB3700AB67C9 /* Release */,
			);
			defaultConfigurationIsVisible = 0;
			defaultConfigurationName = Release;
		};
		560CD3F7237614480040AE99 /* Build configuration list for PBXNativeTarget "phobitchesWATCHOS Extension" */ = {
			isa = XCConfigurationList;
			buildConfigurations = (
				560CD3F5237614480040AE99 /* Debug */,
				560CD3F6237614480040AE99 /* Release */,
			);
			defaultConfigurationIsVisible = 0;
			defaultConfigurationName = Release;
		};
		560CD3F8237614480040AE99 /* Build configuration list for PBXNativeTarget "phobitchesWATCHOS" */ = {
			isa = XCConfigurationList;
			buildConfigurations = (
				560CD3F2237614480040AE99 /* Debug */,
				560CD3F3237614480040AE99 /* Release */,
			);
			defaultConfigurationIsVisible = 0;
			defaultConfigurationName = Release;
		};
/* End XCConfigurationList section */
	};
	rootObject = 07C5C4152350BB3300AB67C9 /* Project object */;
}
