// !$*UTF8*$!
{
	archiveVersion = 1;
	classes = {
	};
	objectVersion = 50;
	objects = {

/* Begin PBXBuildFile section */
		07009F352357ADEE0070FD28 /* Model.swift in Sources */ = {isa = PBXBuildFile; fileRef = 07009F322357ADEE0070FD28 /* Model.swift */; };
		07009F362357ADEE0070FD28 /* Fobia.swift in Sources */ = {isa = PBXBuildFile; fileRef = 07009F332357ADEE0070FD28 /* Fobia.swift */; };
		07AAEC95235901B0001F6734 /* spider.dae in Resources */ = {isa = PBXBuildFile; fileRef = 07AAEC94235901B0001F6734 /* spider.dae */; };
		07AAEC9C235901FB001F6734 /* Spinnen_Bein_tex_2.jpg in Resources */ = {isa = PBXBuildFile; fileRef = 07AAEC96235901FA001F6734 /* Spinnen_Bein_tex_2.jpg */; };
		07AAEC9D235901FB001F6734 /* Spinnen_Bein_tex_COLOR_.png in Resources */ = {isa = PBXBuildFile; fileRef = 07AAEC97235901FA001F6734 /* Spinnen_Bein_tex_COLOR_.png */; };
		07AAEC9E235901FB001F6734 /* SH3.png in Resources */ = {isa = PBXBuildFile; fileRef = 07AAEC98235901FA001F6734 /* SH3.png */; };
		07AAEC9F235901FB001F6734 /* Spinnen_Bein_tex.jpg in Resources */ = {isa = PBXBuildFile; fileRef = 07AAEC99235901FB001F6734 /* Spinnen_Bein_tex.jpg */; };
		07AAECA1235901FB001F6734 /* Spinnen_Bein_tex_COLOR_.jpg in Resources */ = {isa = PBXBuildFile; fileRef = 07AAEC9B235901FB001F6734 /* Spinnen_Bein_tex_COLOR_.jpg */; };
		07C5C4212350BB3400AB67C9 /* AppDelegate.swift in Sources */ = {isa = PBXBuildFile; fileRef = 07C5C4202350BB3400AB67C9 /* AppDelegate.swift */; };
		07C5C4252350BB3400AB67C9 /* Nivel4ViewController.swift in Sources */ = {isa = PBXBuildFile; fileRef = 07C5C4242350BB3400AB67C9 /* Nivel4ViewController.swift */; };
		07C5C4282350BB3400AB67C9 /* Main.storyboard in Resources */ = {isa = PBXBuildFile; fileRef = 07C5C4262350BB3400AB67C9 /* Main.storyboard */; };
		07C5C42A2350BB3700AB67C9 /* Assets.xcassets in Resources */ = {isa = PBXBuildFile; fileRef = 07C5C4292350BB3700AB67C9 /* Assets.xcassets */; };
		07C5C42D2350BB3700AB67C9 /* LaunchScreen.storyboard in Resources */ = {isa = PBXBuildFile; fileRef = 07C5C42B2350BB3700AB67C9 /* LaunchScreen.storyboard */; };
		07C5C4382350BB3700AB67C9 /* TesteARanhaTests.swift in Sources */ = {isa = PBXBuildFile; fileRef = 07C5C4372350BB3700AB67C9 /* TesteARanhaTests.swift */; };
		07CAB04C235103C800E19AB4 /* ship.scn in Resources */ = {isa = PBXBuildFile; fileRef = 07CAB043235103C700E19AB4 /* ship.scn */; };
		07CAB04D235103C800E19AB4 /* spider2_color.jpg in Resources */ = {isa = PBXBuildFile; fileRef = 07CAB044235103C700E19AB4 /* spider2_color.jpg */; };
		07CAB04E235103C800E19AB4 /* spider3_color.jpg in Resources */ = {isa = PBXBuildFile; fileRef = 07CAB045235103C700E19AB4 /* spider3_color.jpg */; };
		07CAB04F235103C800E19AB4 /* spider5_color.jpg in Resources */ = {isa = PBXBuildFile; fileRef = 07CAB046235103C700E19AB4 /* spider5_color.jpg */; };
		07CAB050235103C800E19AB4 /* untitled.dae in Resources */ = {isa = PBXBuildFile; fileRef = 07CAB047235103C700E19AB4 /* untitled.dae */; };
		07CAB051235103C800E19AB4 /* ship.png in Resources */ = {isa = PBXBuildFile; fileRef = 07CAB048235103C800E19AB4 /* ship.png */; };
		07CAB052235103C800E19AB4 /* spider.scn in Resources */ = {isa = PBXBuildFile; fileRef = 07CAB049235103C800E19AB4 /* spider.scn */; };
		07CAB053235103C800E19AB4 /* spider1_color.jpg in Resources */ = {isa = PBXBuildFile; fileRef = 07CAB04A235103C800E19AB4 /* spider1_color.jpg */; };
		07CAB054235103C800E19AB4 /* spider4_color.jpg in Resources */ = {isa = PBXBuildFile; fileRef = 07CAB04B235103C800E19AB4 /* spider4_color.jpg */; };
		56A5DAA823609B8700BCC0F9 /* FobiaCell.swift in Sources */ = {isa = PBXBuildFile; fileRef = 56A5DAA623609B8700BCC0F9 /* FobiaCell.swift */; };
		56A5DAA923609B8700BCC0F9 /* EtapaCell.swift in Sources */ = {isa = PBXBuildFile; fileRef = 56A5DAA723609B8700BCC0F9 /* EtapaCell.swift */; };
		56A5DAAC23609D7E00BCC0F9 /* NiveisViewController.storyboard in Resources */ = {isa = PBXBuildFile; fileRef = 56A5DAAA23609D7E00BCC0F9 /* NiveisViewController.storyboard */; };
		56E8C5CC23631DD0000F53FD /* UIViewShadow.swift in Sources */ = {isa = PBXBuildFile; fileRef = 56E8C5CB23631DD0000F53FD /* UIViewShadow.swift */; };
		56E8C5D02363CC0E000F53FD /* SettingsTableViewController.swift in Sources */ = {isa = PBXBuildFile; fileRef = 56E8C5CF2363CC0E000F53FD /* SettingsTableViewController.swift */; };
		56E8C5D22363CF81000F53FD /* ProgressViewController.swift in Sources */ = {isa = PBXBuildFile; fileRef = 56E8C5D12363CF81000F53FD /* ProgressViewController.swift */; };
		56E8C5DA2363D604000F53FD /* ViewProgressCell.swift in Sources */ = {isa = PBXBuildFile; fileRef = 56E8C5D92363D604000F53FD /* ViewProgressCell.swift */; };
		56E8C5DD2363DA47000F53FD /* ProgressViewController.storyboard in Resources */ = {isa = PBXBuildFile; fileRef = 56E8C5DB2363DA47000F53FD /* ProgressViewController.storyboard */; };
		9D4C55722361D0C200062326 /* Etapa1ViewController.storyboard in Resources */ = {isa = PBXBuildFile; fileRef = 9D4C55702361D0C200062326 /* Etapa1ViewController.storyboard */; };
		9D4C55752361D0D400062326 /* Etapa2ViewController.storyboard in Resources */ = {isa = PBXBuildFile; fileRef = 9D4C55732361D0D400062326 /* Etapa2ViewController.storyboard */; };
		9D4C55782361D0E100062326 /* Etapa3ViewController.storyboard in Resources */ = {isa = PBXBuildFile; fileRef = 9D4C55762361D0E100062326 /* Etapa3ViewController.storyboard */; };
		9D4C557B2361D0F400062326 /* Etapa4ViewController.storyboard in Resources */ = {isa = PBXBuildFile; fileRef = 9D4C55792361D0F400062326 /* Etapa4ViewController.storyboard */; };
		9D67269B2355E7A20030CAE7 /* FobiasViewController.swift in Sources */ = {isa = PBXBuildFile; fileRef = 9D67269A2355E7A20030CAE7 /* FobiasViewController.swift */; };
		9D67269D2355F31C0030CAE7 /* NiveisViewController.swift in Sources */ = {isa = PBXBuildFile; fileRef = 9D67269C2355F31C0030CAE7 /* NiveisViewController.swift */; };
		9D67269F2355F4EB0030CAE7 /* Nivel3ViewController.swift in Sources */ = {isa = PBXBuildFile; fileRef = 9D67269E2355F4EB0030CAE7 /* Nivel3ViewController.swift */; };
		9D6726A12355F56D0030CAE7 /* Nivel2ViewController.swift in Sources */ = {isa = PBXBuildFile; fileRef = 9D6726A02355F56D0030CAE7 /* Nivel2ViewController.swift */; };
		9D6726A32355F5E50030CAE7 /* Nivel1ViewController.swift in Sources */ = {isa = PBXBuildFile; fileRef = 9D6726A22355F5E50030CAE7 /* Nivel1ViewController.swift */; };
/* End PBXBuildFile section */

/* Begin PBXContainerItemProxy section */
		07C5C4342350BB3700AB67C9 /* PBXContainerItemProxy */ = {
			isa = PBXContainerItemProxy;
			containerPortal = 07C5C4152350BB3300AB67C9 /* Project object */;
			proxyType = 1;
			remoteGlobalIDString = 07C5C41C2350BB3400AB67C9;
			remoteInfo = TesteARanha;
		};
/* End PBXContainerItemProxy section */

/* Begin PBXFileReference section */
		07009F322357ADEE0070FD28 /* Model.swift */ = {isa = PBXFileReference; fileEncoding = 4; lastKnownFileType = sourcecode.swift; path = Model.swift; sourceTree = "<group>"; };
		07009F332357ADEE0070FD28 /* Fobia.swift */ = {isa = PBXFileReference; fileEncoding = 4; lastKnownFileType = sourcecode.swift; path = Fobia.swift; sourceTree = "<group>"; };
		07AAEC94235901B0001F6734 /* spider.dae */ = {isa = PBXFileReference; fileEncoding = 4; lastKnownFileType = text.xml.dae; path = spider.dae; sourceTree = "<group>"; };
		07AAEC96235901FA001F6734 /* Spinnen_Bein_tex_2.jpg */ = {isa = PBXFileReference; lastKnownFileType = image.jpeg; path = Spinnen_Bein_tex_2.jpg; sourceTree = "<group>"; };
		07AAEC97235901FA001F6734 /* Spinnen_Bein_tex_COLOR_.png */ = {isa = PBXFileReference; lastKnownFileType = image.png; path = Spinnen_Bein_tex_COLOR_.png; sourceTree = "<group>"; };
		07AAEC98235901FA001F6734 /* SH3.png */ = {isa = PBXFileReference; lastKnownFileType = image.png; path = SH3.png; sourceTree = "<group>"; };
		07AAEC99235901FB001F6734 /* Spinnen_Bein_tex.jpg */ = {isa = PBXFileReference; lastKnownFileType = image.jpeg; path = Spinnen_Bein_tex.jpg; sourceTree = "<group>"; };
		07AAEC9B235901FB001F6734 /* Spinnen_Bein_tex_COLOR_.jpg */ = {isa = PBXFileReference; lastKnownFileType = image.jpeg; path = Spinnen_Bein_tex_COLOR_.jpg; sourceTree = "<group>"; };
		07C5C41D2350BB3400AB67C9 /* TesteARanha.app */ = {isa = PBXFileReference; explicitFileType = wrapper.application; includeInIndex = 0; path = TesteARanha.app; sourceTree = BUILT_PRODUCTS_DIR; };
		07C5C4202350BB3400AB67C9 /* AppDelegate.swift */ = {isa = PBXFileReference; lastKnownFileType = sourcecode.swift; path = AppDelegate.swift; sourceTree = "<group>"; };
		07C5C4242350BB3400AB67C9 /* Nivel4ViewController.swift */ = {isa = PBXFileReference; lastKnownFileType = sourcecode.swift; path = Nivel4ViewController.swift; sourceTree = "<group>"; };
		07C5C4272350BB3400AB67C9 /* Base */ = {isa = PBXFileReference; lastKnownFileType = file.storyboard; name = Base; path = Base.lproj/Main.storyboard; sourceTree = "<group>"; };
		07C5C4292350BB3700AB67C9 /* Assets.xcassets */ = {isa = PBXFileReference; lastKnownFileType = folder.assetcatalog; path = Assets.xcassets; sourceTree = "<group>"; };
		07C5C42C2350BB3700AB67C9 /* Base */ = {isa = PBXFileReference; lastKnownFileType = file.storyboard; name = Base; path = Base.lproj/LaunchScreen.storyboard; sourceTree = "<group>"; };
		07C5C42E2350BB3700AB67C9 /* Info.plist */ = {isa = PBXFileReference; lastKnownFileType = text.plist.xml; path = Info.plist; sourceTree = "<group>"; };
		07C5C4332350BB3700AB67C9 /* TesteARanhaTests.xctest */ = {isa = PBXFileReference; explicitFileType = wrapper.cfbundle; includeInIndex = 0; path = TesteARanhaTests.xctest; sourceTree = BUILT_PRODUCTS_DIR; };
		07C5C4372350BB3700AB67C9 /* TesteARanhaTests.swift */ = {isa = PBXFileReference; lastKnownFileType = sourcecode.swift; path = TesteARanhaTests.swift; sourceTree = "<group>"; };
		07C5C4392350BB3700AB67C9 /* Info.plist */ = {isa = PBXFileReference; lastKnownFileType = text.plist.xml; path = Info.plist; sourceTree = "<group>"; };
		07CAB043235103C700E19AB4 /* ship.scn */ = {isa = PBXFileReference; lastKnownFileType = file.bplist; path = ship.scn; sourceTree = "<group>"; };
		07CAB044235103C700E19AB4 /* spider2_color.jpg */ = {isa = PBXFileReference; lastKnownFileType = image.jpeg; path = spider2_color.jpg; sourceTree = "<group>"; };
		07CAB045235103C700E19AB4 /* spider3_color.jpg */ = {isa = PBXFileReference; lastKnownFileType = image.jpeg; path = spider3_color.jpg; sourceTree = "<group>"; };
		07CAB046235103C700E19AB4 /* spider5_color.jpg */ = {isa = PBXFileReference; lastKnownFileType = image.jpeg; path = spider5_color.jpg; sourceTree = "<group>"; };
		07CAB047235103C700E19AB4 /* untitled.dae */ = {isa = PBXFileReference; fileEncoding = 4; lastKnownFileType = text.xml.dae; path = untitled.dae; sourceTree = "<group>"; };
		07CAB048235103C800E19AB4 /* ship.png */ = {isa = PBXFileReference; lastKnownFileType = image.png; path = ship.png; sourceTree = "<group>"; };
		07CAB049235103C800E19AB4 /* spider.scn */ = {isa = PBXFileReference; lastKnownFileType = file.bplist; path = spider.scn; sourceTree = "<group>"; };
		07CAB04A235103C800E19AB4 /* spider1_color.jpg */ = {isa = PBXFileReference; lastKnownFileType = image.jpeg; path = spider1_color.jpg; sourceTree = "<group>"; };
		07CAB04B235103C800E19AB4 /* spider4_color.jpg */ = {isa = PBXFileReference; lastKnownFileType = image.jpeg; path = spider4_color.jpg; sourceTree = "<group>"; };
		56591B6C23588D1F00F3A657 /* Model.swift */ = {isa = PBXFileReference; fileEncoding = 4; lastKnownFileType = sourcecode.swift; path = Model.swift; sourceTree = "<group>"; };
		56591B6E23588D1F00F3A657 /* Fobia.swift */ = {isa = PBXFileReference; fileEncoding = 4; lastKnownFileType = sourcecode.swift; path = Fobia.swift; sourceTree = "<group>"; };
		56A5DAA623609B8700BCC0F9 /* FobiaCell.swift */ = {isa = PBXFileReference; fileEncoding = 4; lastKnownFileType = sourcecode.swift; path = FobiaCell.swift; sourceTree = "<group>"; };
		56A5DAA723609B8700BCC0F9 /* EtapaCell.swift */ = {isa = PBXFileReference; fileEncoding = 4; lastKnownFileType = sourcecode.swift; path = EtapaCell.swift; sourceTree = "<group>"; };
		56A5DAAB23609D7E00BCC0F9 /* Base */ = {isa = PBXFileReference; lastKnownFileType = file.storyboard; name = Base; path = Base.lproj/NiveisViewController.storyboard; sourceTree = "<group>"; };
		56E8C5CB23631DD0000F53FD /* UIViewShadow.swift */ = {isa = PBXFileReference; lastKnownFileType = sourcecode.swift; path = UIViewShadow.swift; sourceTree = "<group>"; };
		56E8C5CF2363CC0E000F53FD /* SettingsTableViewController.swift */ = {isa = PBXFileReference; lastKnownFileType = sourcecode.swift; path = SettingsTableViewController.swift; sourceTree = "<group>"; };
		56E8C5D12363CF81000F53FD /* ProgressViewController.swift */ = {isa = PBXFileReference; lastKnownFileType = sourcecode.swift; path = ProgressViewController.swift; sourceTree = "<group>"; };
		56E8C5D92363D604000F53FD /* ViewProgressCell.swift */ = {isa = PBXFileReference; lastKnownFileType = sourcecode.swift; path = ViewProgressCell.swift; sourceTree = "<group>"; };
		56E8C5DC2363DA47000F53FD /* Base */ = {isa = PBXFileReference; lastKnownFileType = file.storyboard; name = Base; path = Base.lproj/ProgressViewController.storyboard; sourceTree = "<group>"; };
		9D4C55712361D0C200062326 /* Base */ = {isa = PBXFileReference; lastKnownFileType = file.storyboard; name = Base; path = Base.lproj/Etapa1ViewController.storyboard; sourceTree = "<group>"; };
		9D4C55742361D0D400062326 /* Base */ = {isa = PBXFileReference; lastKnownFileType = file.storyboard; name = Base; path = Base.lproj/Etapa2ViewController.storyboard; sourceTree = "<group>"; };
		9D4C55772361D0E100062326 /* Base */ = {isa = PBXFileReference; lastKnownFileType = file.storyboard; name = Base; path = Base.lproj/Etapa3ViewController.storyboard; sourceTree = "<group>"; };
		9D4C557A2361D0F400062326 /* Base */ = {isa = PBXFileReference; lastKnownFileType = file.storyboard; name = Base; path = Base.lproj/Etapa4ViewController.storyboard; sourceTree = "<group>"; };
		9D67269A2355E7A20030CAE7 /* FobiasViewController.swift */ = {isa = PBXFileReference; lastKnownFileType = sourcecode.swift; path = FobiasViewController.swift; sourceTree = "<group>"; };
		9D67269C2355F31C0030CAE7 /* NiveisViewController.swift */ = {isa = PBXFileReference; lastKnownFileType = sourcecode.swift; path = NiveisViewController.swift; sourceTree = "<group>"; };
		9D67269E2355F4EB0030CAE7 /* Nivel3ViewController.swift */ = {isa = PBXFileReference; lastKnownFileType = sourcecode.swift; path = Nivel3ViewController.swift; sourceTree = "<group>"; };
		9D6726A02355F56D0030CAE7 /* Nivel2ViewController.swift */ = {isa = PBXFileReference; lastKnownFileType = sourcecode.swift; path = Nivel2ViewController.swift; sourceTree = "<group>"; };
		9D6726A22355F5E50030CAE7 /* Nivel1ViewController.swift */ = {isa = PBXFileReference; lastKnownFileType = sourcecode.swift; path = Nivel1ViewController.swift; sourceTree = "<group>"; };
/* End PBXFileReference section */

/* Begin PBXFrameworksBuildPhase section */
		07C5C41A2350BB3400AB67C9 /* Frameworks */ = {
			isa = PBXFrameworksBuildPhase;
			buildActionMask = 2147483647;
			files = (
			);
			runOnlyForDeploymentPostprocessing = 0;
		};
		07C5C4302350BB3700AB67C9 /* Frameworks */ = {
			isa = PBXFrameworksBuildPhase;
			buildActionMask = 2147483647;
			files = (
			);
			runOnlyForDeploymentPostprocessing = 0;
		};
/* End PBXFrameworksBuildPhase section */

/* Begin PBXGroup section */
		074F37642358E087003A2262 /* Recovered References */ = {
			isa = PBXGroup;
			children = (
				56591B6E23588D1F00F3A657 /* Fobia.swift */,
				56591B6C23588D1F00F3A657 /* Model.swift */,
			);
			name = "Recovered References";
			sourceTree = "<group>";
		};
		07C5C4142350BB3300AB67C9 = {
			isa = PBXGroup;
			children = (
				07C5C41F2350BB3400AB67C9 /* TesteARanha */,
				07C5C4362350BB3700AB67C9 /* TesteARanhaTests */,
				07C5C41E2350BB3400AB67C9 /* Products */,
				074F37642358E087003A2262 /* Recovered References */,
			);
			sourceTree = "<group>";
		};
		07C5C41E2350BB3400AB67C9 /* Products */ = {
			isa = PBXGroup;
			children = (
				07C5C41D2350BB3400AB67C9 /* TesteARanha.app */,
				07C5C4332350BB3700AB67C9 /* TesteARanhaTests.xctest */,
			);
			name = Products;
			sourceTree = "<group>";
		};
		07C5C41F2350BB3400AB67C9 /* TesteARanha */ = {
			isa = PBXGroup;
			children = (
				56E8C5CA23631DB5000F53FD /* Extensions */,
				07CAB042235103B100E19AB4 /* 3D Objects */,
				07C5C4202350BB3400AB67C9 /* AppDelegate.swift */,
				9D6726A52355F9840030CAE7 /* Model */,
				9D6726A62355F99A0030CAE7 /* View */,
				9D6726A42355F9700030CAE7 /* Controller */,
				07C5C4292350BB3700AB67C9 /* Assets.xcassets */,
				07C5C42E2350BB3700AB67C9 /* Info.plist */,
			);
			path = TesteARanha;
			sourceTree = "<group>";
		};
		07C5C4362350BB3700AB67C9 /* TesteARanhaTests */ = {
			isa = PBXGroup;
			children = (
				07C5C4372350BB3700AB67C9 /* TesteARanhaTests.swift */,
				07C5C4392350BB3700AB67C9 /* Info.plist */,
			);
			path = TesteARanhaTests;
			sourceTree = "<group>";
		};
		07CAB042235103B100E19AB4 /* 3D Objects */ = {
			isa = PBXGroup;
			children = (
				07CAB048235103C800E19AB4 /* ship.png */,
				07CAB043235103C700E19AB4 /* ship.scn */,
				07CAB049235103C800E19AB4 /* spider.scn */,
				07CAB04A235103C800E19AB4 /* spider1_color.jpg */,
				07CAB044235103C700E19AB4 /* spider2_color.jpg */,
				07AAEC98235901FA001F6734 /* SH3.png */,
				07AAEC96235901FA001F6734 /* Spinnen_Bein_tex_2.jpg */,
				07AAEC9B235901FB001F6734 /* Spinnen_Bein_tex_COLOR_.jpg */,
				07AAEC97235901FA001F6734 /* Spinnen_Bein_tex_COLOR_.png */,
				07AAEC99235901FB001F6734 /* Spinnen_Bein_tex.jpg */,
				07CAB045235103C700E19AB4 /* spider3_color.jpg */,
				07CAB04B235103C800E19AB4 /* spider4_color.jpg */,
				07CAB046235103C700E19AB4 /* spider5_color.jpg */,
				07AAEC94235901B0001F6734 /* spider.dae */,
				07CAB047235103C700E19AB4 /* untitled.dae */,
			);
			path = "3D Objects";
			sourceTree = "<group>";
		};
		56E8C5CA23631DB5000F53FD /* Extensions */ = {
			isa = PBXGroup;
			children = (
				56E8C5CB23631DD0000F53FD /* UIViewShadow.swift */,
			);
			path = Extensions;
			sourceTree = "<group>";
		};
		9D6726A42355F9700030CAE7 /* Controller */ = {
			isa = PBXGroup;
			children = (
				9D67269A2355E7A20030CAE7 /* FobiasViewController.swift */,
				9D67269C2355F31C0030CAE7 /* NiveisViewController.swift */,
				9D6726A22355F5E50030CAE7 /* Nivel1ViewController.swift */,
				9D6726A02355F56D0030CAE7 /* Nivel2ViewController.swift */,
				9D67269E2355F4EB0030CAE7 /* Nivel3ViewController.swift */,
				07C5C4242350BB3400AB67C9 /* Nivel4ViewController.swift */,
				56E8C5CF2363CC0E000F53FD /* SettingsTableViewController.swift */,
				56E8C5D12363CF81000F53FD /* ProgressViewController.swift */,
			);
			path = Controller;
			sourceTree = "<group>";
		};
		9D6726A52355F9840030CAE7 /* Model */ = {
			isa = PBXGroup;
			children = (
				07009F332357ADEE0070FD28 /* Fobia.swift */,
				07009F322357ADEE0070FD28 /* Model.swift */,
			);
			path = Model;
			sourceTree = "<group>";
		};
		9D6726A62355F99A0030CAE7 /* View */ = {
			isa = PBXGroup;
			children = (
				56A5DAA723609B8700BCC0F9 /* EtapaCell.swift */,
				56A5DAA623609B8700BCC0F9 /* FobiaCell.swift */,
				56E8C5D92363D604000F53FD /* ViewProgressCell.swift */,
				9D4C55702361D0C200062326 /* Etapa1ViewController.storyboard */,
				9D4C55732361D0D400062326 /* Etapa2ViewController.storyboard */,
				9D4C55762361D0E100062326 /* Etapa3ViewController.storyboard */,
				9D4C55792361D0F400062326 /* Etapa4ViewController.storyboard */,
				07C5C4262350BB3400AB67C9 /* Main.storyboard */,
				07C5C42B2350BB3700AB67C9 /* LaunchScreen.storyboard */,
				56A5DAAA23609D7E00BCC0F9 /* NiveisViewController.storyboard */,
				56E8C5DB2363DA47000F53FD /* ProgressViewController.storyboard */,
			);
			path = View;
			sourceTree = "<group>";
		};
/* End PBXGroup section */

/* Begin PBXNativeTarget section */
		07C5C41C2350BB3400AB67C9 /* TesteARanha */ = {
			isa = PBXNativeTarget;
			buildConfigurationList = 07C5C43C2350BB3700AB67C9 /* Build configuration list for PBXNativeTarget "TesteARanha" */;
			buildPhases = (
				07C5C4192350BB3400AB67C9 /* Sources */,
				07C5C41A2350BB3400AB67C9 /* Frameworks */,
				07C5C41B2350BB3400AB67C9 /* Resources */,
			);
			buildRules = (
			);
			dependencies = (
			);
			name = TesteARanha;
			productName = TesteARanha;
			productReference = 07C5C41D2350BB3400AB67C9 /* TesteARanha.app */;
			productType = "com.apple.product-type.application";
		};
		07C5C4322350BB3700AB67C9 /* TesteARanhaTests */ = {
			isa = PBXNativeTarget;
			buildConfigurationList = 07C5C43F2350BB3700AB67C9 /* Build configuration list for PBXNativeTarget "TesteARanhaTests" */;
			buildPhases = (
				07C5C42F2350BB3700AB67C9 /* Sources */,
				07C5C4302350BB3700AB67C9 /* Frameworks */,
				07C5C4312350BB3700AB67C9 /* Resources */,
			);
			buildRules = (
			);
			dependencies = (
				07C5C4352350BB3700AB67C9 /* PBXTargetDependency */,
			);
			name = TesteARanhaTests;
			productName = TesteARanhaTests;
			productReference = 07C5C4332350BB3700AB67C9 /* TesteARanhaTests.xctest */;
			productType = "com.apple.product-type.bundle.unit-test";
		};
/* End PBXNativeTarget section */

/* Begin PBXProject section */
		07C5C4152350BB3300AB67C9 /* Project object */ = {
			isa = PBXProject;
			attributes = {
				LastSwiftUpdateCheck = 1100;
				LastUpgradeCheck = 1100;
				ORGANIZATIONNAME = "Pedro Vargas";
				TargetAttributes = {
					07C5C41C2350BB3400AB67C9 = {
						CreatedOnToolsVersion = 11.0;
					};
					07C5C4322350BB3700AB67C9 = {
						CreatedOnToolsVersion = 11.0;
						TestTargetID = 07C5C41C2350BB3400AB67C9;
					};
				};
			};
			buildConfigurationList = 07C5C4182350BB3300AB67C9 /* Build configuration list for PBXProject "TesteARanha" */;
			compatibilityVersion = "Xcode 9.3";
			developmentRegion = en;
			hasScannedForEncodings = 0;
			knownRegions = (
				en,
				Base,
			);
			mainGroup = 07C5C4142350BB3300AB67C9;
			productRefGroup = 07C5C41E2350BB3400AB67C9 /* Products */;
			projectDirPath = "";
			projectRoot = "";
			targets = (
				07C5C41C2350BB3400AB67C9 /* TesteARanha */,
				07C5C4322350BB3700AB67C9 /* TesteARanhaTests */,
			);
		};
/* End PBXProject section */

/* Begin PBXResourcesBuildPhase section */
		07C5C41B2350BB3400AB67C9 /* Resources */ = {
			isa = PBXResourcesBuildPhase;
			buildActionMask = 2147483647;
			files = (
				07CAB054235103C800E19AB4 /* spider4_color.jpg in Resources */,
				07CAB04C235103C800E19AB4 /* ship.scn in Resources */,
				9D4C557B2361D0F400062326 /* Etapa4ViewController.storyboard in Resources */,
				07CAB051235103C800E19AB4 /* ship.png in Resources */,
				56E8C5DD2363DA47000F53FD /* ProgressViewController.storyboard in Resources */,
				07CAB04D235103C800E19AB4 /* spider2_color.jpg in Resources */,
				07AAEC9F235901FB001F6734 /* Spinnen_Bein_tex.jpg in Resources */,
				9D4C55722361D0C200062326 /* Etapa1ViewController.storyboard in Resources */,
				9D4C55752361D0D400062326 /* Etapa2ViewController.storyboard in Resources */,
				07CAB04F235103C800E19AB4 /* spider5_color.jpg in Resources */,
				07C5C42D2350BB3700AB67C9 /* LaunchScreen.storyboard in Resources */,
				07CAB04E235103C800E19AB4 /* spider3_color.jpg in Resources */,
				07AAEC9D235901FB001F6734 /* Spinnen_Bein_tex_COLOR_.png in Resources */,
				07AAEC95235901B0001F6734 /* spider.dae in Resources */,
				07C5C42A2350BB3700AB67C9 /* Assets.xcassets in Resources */,
				07AAEC9E235901FB001F6734 /* SH3.png in Resources */,
				07AAECA1235901FB001F6734 /* Spinnen_Bein_tex_COLOR_.jpg in Resources */,
				07CAB050235103C800E19AB4 /* untitled.dae in Resources */,
				07CAB052235103C800E19AB4 /* spider.scn in Resources */,
				56A5DAAC23609D7E00BCC0F9 /* NiveisViewController.storyboard in Resources */,
				07CAB053235103C800E19AB4 /* spider1_color.jpg in Resources */,
				9D4C55782361D0E100062326 /* Etapa3ViewController.storyboard in Resources */,
				07AAEC9C235901FB001F6734 /* Spinnen_Bein_tex_2.jpg in Resources */,
				07C5C4282350BB3400AB67C9 /* Main.storyboard in Resources */,
			);
			runOnlyForDeploymentPostprocessing = 0;
		};
		07C5C4312350BB3700AB67C9 /* Resources */ = {
			isa = PBXResourcesBuildPhase;
			buildActionMask = 2147483647;
			files = (
			);
			runOnlyForDeploymentPostprocessing = 0;
		};
/* End PBXResourcesBuildPhase section */

/* Begin PBXSourcesBuildPhase section */
		07C5C4192350BB3400AB67C9 /* Sources */ = {
			isa = PBXSourcesBuildPhase;
			buildActionMask = 2147483647;
			files = (
				56A5DAA923609B8700BCC0F9 /* EtapaCell.swift in Sources */,
				56E8C5D02363CC0E000F53FD /* SettingsTableViewController.swift in Sources */,
				07009F352357ADEE0070FD28 /* Model.swift in Sources */,
				56E8C5D22363CF81000F53FD /* ProgressViewController.swift in Sources */,
				07C5C4252350BB3400AB67C9 /* Nivel4ViewController.swift in Sources */,
				9D67269B2355E7A20030CAE7 /* FobiasViewController.swift in Sources */,
				9D6726A12355F56D0030CAE7 /* Nivel2ViewController.swift in Sources */,
				9D6726A32355F5E50030CAE7 /* Nivel1ViewController.swift in Sources */,
				9D67269D2355F31C0030CAE7 /* NiveisViewController.swift in Sources */,
				07009F362357ADEE0070FD28 /* Fobia.swift in Sources */,
				56E8C5CC23631DD0000F53FD /* UIViewShadow.swift in Sources */,
				07C5C4212350BB3400AB67C9 /* AppDelegate.swift in Sources */,
				9D67269F2355F4EB0030CAE7 /* Nivel3ViewController.swift in Sources */,
				56A5DAA823609B8700BCC0F9 /* FobiaCell.swift in Sources */,
				56E8C5DA2363D604000F53FD /* ViewProgressCell.swift in Sources */,
			);
			runOnlyForDeploymentPostprocessing = 0;
		};
		07C5C42F2350BB3700AB67C9 /* Sources */ = {
			isa = PBXSourcesBuildPhase;
			buildActionMask = 2147483647;
			files = (
				07C5C4382350BB3700AB67C9 /* TesteARanhaTests.swift in Sources */,
			);
			runOnlyForDeploymentPostprocessing = 0;
		};
/* End PBXSourcesBuildPhase section */

/* Begin PBXTargetDependency section */
		07C5C4352350BB3700AB67C9 /* PBXTargetDependency */ = {
			isa = PBXTargetDependency;
			target = 07C5C41C2350BB3400AB67C9 /* TesteARanha */;
			targetProxy = 07C5C4342350BB3700AB67C9 /* PBXContainerItemProxy */;
		};
/* End PBXTargetDependency section */

/* Begin PBXVariantGroup section */
		07C5C4262350BB3400AB67C9 /* Main.storyboard */ = {
			isa = PBXVariantGroup;
			children = (
				07C5C4272350BB3400AB67C9 /* Base */,
			);
			name = Main.storyboard;
			sourceTree = "<group>";
		};
		07C5C42B2350BB3700AB67C9 /* LaunchScreen.storyboard */ = {
			isa = PBXVariantGroup;
			children = (
				07C5C42C2350BB3700AB67C9 /* Base */,
			);
			name = LaunchScreen.storyboard;
			sourceTree = "<group>";
		};
		56A5DAAA23609D7E00BCC0F9 /* NiveisViewController.storyboard */ = {
			isa = PBXVariantGroup;
			children = (
				56A5DAAB23609D7E00BCC0F9 /* Base */,
			);
			name = NiveisViewController.storyboard;
			sourceTree = "<group>";
		};
		56E8C5DB2363DA47000F53FD /* ProgressViewController.storyboard */ = {
			isa = PBXVariantGroup;
			children = (
				56E8C5DC2363DA47000F53FD /* Base */,
			);
			name = ProgressViewController.storyboard;
			sourceTree = "<group>";
		};
		9D4C55702361D0C200062326 /* Etapa1ViewController.storyboard */ = {
			isa = PBXVariantGroup;
			children = (
				9D4C55712361D0C200062326 /* Base */,
			);
			name = Etapa1ViewController.storyboard;
			sourceTree = "<group>";
		};
		9D4C55732361D0D400062326 /* Etapa2ViewController.storyboard */ = {
			isa = PBXVariantGroup;
			children = (
				9D4C55742361D0D400062326 /* Base */,
			);
			name = Etapa2ViewController.storyboard;
			sourceTree = "<group>";
		};
		9D4C55762361D0E100062326 /* Etapa3ViewController.storyboard */ = {
			isa = PBXVariantGroup;
			children = (
				9D4C55772361D0E100062326 /* Base */,
			);
			name = Etapa3ViewController.storyboard;
			sourceTree = "<group>";
		};
		9D4C55792361D0F400062326 /* Etapa4ViewController.storyboard */ = {
			isa = PBXVariantGroup;
			children = (
				9D4C557A2361D0F400062326 /* Base */,
			);
			name = Etapa4ViewController.storyboard;
			sourceTree = "<group>";
		};
/* End PBXVariantGroup section */

/* Begin XCBuildConfiguration section */
		07C5C43A2350BB3700AB67C9 /* Debug */ = {
			isa = XCBuildConfiguration;
			buildSettings = {
				ALWAYS_SEARCH_USER_PATHS = NO;
				CLANG_ANALYZER_NONNULL = YES;
				CLANG_ANALYZER_NUMBER_OBJECT_CONVERSION = YES_AGGRESSIVE;
				CLANG_CXX_LANGUAGE_STANDARD = "gnu++14";
				CLANG_CXX_LIBRARY = "libc++";
				CLANG_ENABLE_MODULES = YES;
				CLANG_ENABLE_OBJC_ARC = YES;
				CLANG_ENABLE_OBJC_WEAK = YES;
				CLANG_WARN_BLOCK_CAPTURE_AUTORELEASING = YES;
				CLANG_WARN_BOOL_CONVERSION = YES;
				CLANG_WARN_COMMA = YES;
				CLANG_WARN_CONSTANT_CONVERSION = YES;
				CLANG_WARN_DEPRECATED_OBJC_IMPLEMENTATIONS = YES;
				CLANG_WARN_DIRECT_OBJC_ISA_USAGE = YES_ERROR;
				CLANG_WARN_DOCUMENTATION_COMMENTS = YES;
				CLANG_WARN_EMPTY_BODY = YES;
				CLANG_WARN_ENUM_CONVERSION = YES;
				CLANG_WARN_INFINITE_RECURSION = YES;
				CLANG_WARN_INT_CONVERSION = YES;
				CLANG_WARN_NON_LITERAL_NULL_CONVERSION = YES;
				CLANG_WARN_OBJC_IMPLICIT_RETAIN_SELF = YES;
				CLANG_WARN_OBJC_LITERAL_CONVERSION = YES;
				CLANG_WARN_OBJC_ROOT_CLASS = YES_ERROR;
				CLANG_WARN_RANGE_LOOP_ANALYSIS = YES;
				CLANG_WARN_STRICT_PROTOTYPES = YES;
				CLANG_WARN_SUSPICIOUS_MOVE = YES;
				CLANG_WARN_UNGUARDED_AVAILABILITY = YES_AGGRESSIVE;
				CLANG_WARN_UNREACHABLE_CODE = YES;
				CLANG_WARN__DUPLICATE_METHOD_MATCH = YES;
				COPY_PHASE_STRIP = NO;
				DEBUG_INFORMATION_FORMAT = dwarf;
				ENABLE_STRICT_OBJC_MSGSEND = YES;
				ENABLE_TESTABILITY = YES;
				GCC_C_LANGUAGE_STANDARD = gnu11;
				GCC_DYNAMIC_NO_PIC = NO;
				GCC_NO_COMMON_BLOCKS = YES;
				GCC_OPTIMIZATION_LEVEL = 0;
				GCC_PREPROCESSOR_DEFINITIONS = (
					"DEBUG=1",
					"$(inherited)",
				);
				GCC_WARN_64_TO_32_BIT_CONVERSION = YES;
				GCC_WARN_ABOUT_RETURN_TYPE = YES_ERROR;
				GCC_WARN_UNDECLARED_SELECTOR = YES;
				GCC_WARN_UNINITIALIZED_AUTOS = YES_AGGRESSIVE;
				GCC_WARN_UNUSED_FUNCTION = YES;
				GCC_WARN_UNUSED_VARIABLE = YES;
				IPHONEOS_DEPLOYMENT_TARGET = 13.0;
				MTL_ENABLE_DEBUG_INFO = INCLUDE_SOURCE;
				MTL_FAST_MATH = YES;
				ONLY_ACTIVE_ARCH = YES;
				SDKROOT = iphoneos;
				SWIFT_ACTIVE_COMPILATION_CONDITIONS = DEBUG;
				SWIFT_OPTIMIZATION_LEVEL = "-Onone";
			};
			name = Debug;
		};
		07C5C43B2350BB3700AB67C9 /* Release */ = {
			isa = XCBuildConfiguration;
			buildSettings = {
				ALWAYS_SEARCH_USER_PATHS = NO;
				CLANG_ANALYZER_NONNULL = YES;
				CLANG_ANALYZER_NUMBER_OBJECT_CONVERSION = YES_AGGRESSIVE;
				CLANG_CXX_LANGUAGE_STANDARD = "gnu++14";
				CLANG_CXX_LIBRARY = "libc++";
				CLANG_ENABLE_MODULES = YES;
				CLANG_ENABLE_OBJC_ARC = YES;
				CLANG_ENABLE_OBJC_WEAK = YES;
				CLANG_WARN_BLOCK_CAPTURE_AUTORELEASING = YES;
				CLANG_WARN_BOOL_CONVERSION = YES;
				CLANG_WARN_COMMA = YES;
				CLANG_WARN_CONSTANT_CONVERSION = YES;
				CLANG_WARN_DEPRECATED_OBJC_IMPLEMENTATIONS = YES;
				CLANG_WARN_DIRECT_OBJC_ISA_USAGE = YES_ERROR;
				CLANG_WARN_DOCUMENTATION_COMMENTS = YES;
				CLANG_WARN_EMPTY_BODY = YES;
				CLANG_WARN_ENUM_CONVERSION = YES;
				CLANG_WARN_INFINITE_RECURSION = YES;
				CLANG_WARN_INT_CONVERSION = YES;
				CLANG_WARN_NON_LITERAL_NULL_CONVERSION = YES;
				CLANG_WARN_OBJC_IMPLICIT_RETAIN_SELF = YES;
				CLANG_WARN_OBJC_LITERAL_CONVERSION = YES;
				CLANG_WARN_OBJC_ROOT_CLASS = YES_ERROR;
				CLANG_WARN_RANGE_LOOP_ANALYSIS = YES;
				CLANG_WARN_STRICT_PROTOTYPES = YES;
				CLANG_WARN_SUSPICIOUS_MOVE = YES;
				CLANG_WARN_UNGUARDED_AVAILABILITY = YES_AGGRESSIVE;
				CLANG_WARN_UNREACHABLE_CODE = YES;
				CLANG_WARN__DUPLICATE_METHOD_MATCH = YES;
				COPY_PHASE_STRIP = NO;
				DEBUG_INFORMATION_FORMAT = "dwarf-with-dsym";
				ENABLE_NS_ASSERTIONS = NO;
				ENABLE_STRICT_OBJC_MSGSEND = YES;
				GCC_C_LANGUAGE_STANDARD = gnu11;
				GCC_NO_COMMON_BLOCKS = YES;
				GCC_WARN_64_TO_32_BIT_CONVERSION = YES;
				GCC_WARN_ABOUT_RETURN_TYPE = YES_ERROR;
				GCC_WARN_UNDECLARED_SELECTOR = YES;
				GCC_WARN_UNINITIALIZED_AUTOS = YES_AGGRESSIVE;
				GCC_WARN_UNUSED_FUNCTION = YES;
				GCC_WARN_UNUSED_VARIABLE = YES;
				IPHONEOS_DEPLOYMENT_TARGET = 13.0;
				MTL_ENABLE_DEBUG_INFO = NO;
				MTL_FAST_MATH = YES;
				SDKROOT = iphoneos;
				SWIFT_COMPILATION_MODE = wholemodule;
				SWIFT_OPTIMIZATION_LEVEL = "-O";
				VALIDATE_PRODUCT = YES;
			};
			name = Release;
		};
		07C5C43D2350BB3700AB67C9 /* Debug */ = {
			isa = XCBuildConfiguration;
			buildSettings = {
				ASSETCATALOG_COMPILER_APPICON_NAME = AppIcon;
				CODE_SIGN_STYLE = Automatic;
				DEVELOPMENT_TEAM = 5MSP4455P9;
				INFOPLIST_FILE = TesteARanha/Info.plist;
				LD_RUNPATH_SEARCH_PATHS = (
					"$(inherited)",
					"@executable_path/Frameworks",
				);
				PRODUCT_BUNDLE_IDENTIFIER = com.wonderwoman.TesteARanha;
				PRODUCT_NAME = "$(TARGET_NAME)";
				SWIFT_VERSION = 5.0;
				TARGETED_DEVICE_FAMILY = "1,2";
			};
			name = Debug;
		};
		07C5C43E2350BB3700AB67C9 /* Release */ = {
			isa = XCBuildConfiguration;
			buildSettings = {
				ASSETCATALOG_COMPILER_APPICON_NAME = AppIcon;
				CODE_SIGN_STYLE = Automatic;
				DEVELOPMENT_TEAM = 5MSP4455P9;
				INFOPLIST_FILE = TesteARanha/Info.plist;
				LD_RUNPATH_SEARCH_PATHS = (
					"$(inherited)",
					"@executable_path/Frameworks",
				);
				PRODUCT_BUNDLE_IDENTIFIER = com.wonderwoman.TesteARanha;
				PRODUCT_NAME = "$(TARGET_NAME)";
				SWIFT_VERSION = 5.0;
				TARGETED_DEVICE_FAMILY = "1,2";
			};
			name = Release;
		};
		07C5C4402350BB3700AB67C9 /* Debug */ = {
			isa = XCBuildConfiguration;
			buildSettings = {
				ALWAYS_EMBED_SWIFT_STANDARD_LIBRARIES = YES;
				BUNDLE_LOADER = "$(TEST_HOST)";
				CODE_SIGN_STYLE = Automatic;
				DEVELOPMENT_TEAM = ZSLUMCNRNL;
				INFOPLIST_FILE = TesteARanhaTests/Info.plist;
				IPHONEOS_DEPLOYMENT_TARGET = 13.0;
				LD_RUNPATH_SEARCH_PATHS = (
					"$(inherited)",
					"@executable_path/Frameworks",
					"@loader_path/Frameworks",
				);
				PRODUCT_BUNDLE_IDENTIFIER = com.PedroVargas.TesteARanhaTests;
				PRODUCT_NAME = "$(TARGET_NAME)";
				SWIFT_VERSION = 5.0;
				TARGETED_DEVICE_FAMILY = "1,2";
				TEST_HOST = "$(BUILT_PRODUCTS_DIR)/TesteARanha.app/TesteARanha";
			};
			name = Debug;
		};
		07C5C4412350BB3700AB67C9 /* Release */ = {
			isa = XCBuildConfiguration;
			buildSettings = {
				ALWAYS_EMBED_SWIFT_STANDARD_LIBRARIES = YES;
				BUNDLE_LOADER = "$(TEST_HOST)";
				CODE_SIGN_STYLE = Automatic;
				DEVELOPMENT_TEAM = ZSLUMCNRNL;
				INFOPLIST_FILE = TesteARanhaTests/Info.plist;
				IPHONEOS_DEPLOYMENT_TARGET = 13.0;
				LD_RUNPATH_SEARCH_PATHS = (
					"$(inherited)",
					"@executable_path/Frameworks",
					"@loader_path/Frameworks",
				);
				PRODUCT_BUNDLE_IDENTIFIER = com.PedroVargas.TesteARanhaTests;
				PRODUCT_NAME = "$(TARGET_NAME)";
				SWIFT_VERSION = 5.0;
				TARGETED_DEVICE_FAMILY = "1,2";
				TEST_HOST = "$(BUILT_PRODUCTS_DIR)/TesteARanha.app/TesteARanha";
			};
			name = Release;
		};
/* End XCBuildConfiguration section */

/* Begin XCConfigurationList section */
		07C5C4182350BB3300AB67C9 /* Build configuration list for PBXProject "TesteARanha" */ = {
			isa = XCConfigurationList;
			buildConfigurations = (
				07C5C43A2350BB3700AB67C9 /* Debug */,
				07C5C43B2350BB3700AB67C9 /* Release */,
			);
			defaultConfigurationIsVisible = 0;
			defaultConfigurationName = Release;
		};
		07C5C43C2350BB3700AB67C9 /* Build configuration list for PBXNativeTarget "TesteARanha" */ = {
			isa = XCConfigurationList;
			buildConfigurations = (
				07C5C43D2350BB3700AB67C9 /* Debug */,
				07C5C43E2350BB3700AB67C9 /* Release */,
			);
			defaultConfigurationIsVisible = 0;
			defaultConfigurationName = Release;
		};
		07C5C43F2350BB3700AB67C9 /* Build configuration list for PBXNativeTarget "TesteARanhaTests" */ = {
			isa = XCConfigurationList;
			buildConfigurations = (
				07C5C4402350BB3700AB67C9 /* Debug */,
				07C5C4412350BB3700AB67C9 /* Release */,
			);
			defaultConfigurationIsVisible = 0;
			defaultConfigurationName = Release;
		};
/* End XCConfigurationList section */
	};
	rootObject = 07C5C4152350BB3300AB67C9 /* Project object */;
}
